{
  "version": 2,
  "dependencies": {
    "net7.0": {
      "Grpc.AspNetCore": {
        "type": "Direct",
        "requested": "[2.49.0, )",
        "resolved": "2.49.0",
        "contentHash": "IHgWR8YcLnP2Rmz3guK1mOQVDLWL6XZdZT6ktHTTdlTm60FCVwtfrGmEdyu7lEsMzMd2vYHnZ1SwRzicMW4uoA==",
        "dependencies": {
          "Google.Protobuf": "3.21.5",
          "Grpc.AspNetCore.Server.ClientFactory": "2.49.0",
          "Grpc.Tools": "2.49.0"
        }
      },
      "Grpc.AspNetCore.Server.Reflection": {
        "type": "Direct",
        "requested": "[2.49.0, )",
        "resolved": "2.49.0",
        "contentHash": "TFp89mjjUdRWoOH8FJ661PrXSdUycT2gn4v1m/+3HUZuKi3hzaJa7ynXkyGfL+xo8DkAow5BgfjaYAgDkUfydA==",
        "dependencies": {
          "Google.Protobuf": "3.21.5",
          "Grpc.AspNetCore.Server": "2.49.0",
          "Grpc.Reflection": "2.49.0"
        }
      },
      "Grpc.AspNetCore.Web": {
        "type": "Direct",
        "requested": "[2.49.0, )",
        "resolved": "2.49.0",
        "contentHash": "YK/wCgTc28j+iRKbpWYxMQIZjhHtVsTeCHeaJlS0TfO/8tWwXeQGr2dTJredflc72KdJ1Q1Wm/xYYpOIRkmPfg=="
      },
      "JetBrains.Annotations": {
        "type": "Direct",
        "requested": "[2022.1.0, )",
        "resolved": "2022.1.0",
        "contentHash": "ASfpoFJxiRsC9Xc4TWuPM41Zb/gl64xwfMOhnOZ3RnVWGYIZchjpWQV5zshJgoc/ZxVtgjaF7b577lURj7E6ig=="
      },
      "Microsoft.AspNetCore.Grpc.HttpApi": {
        "type": "Direct",
        "requested": "[0.1.0-alpha.21317.5, )",
        "resolved": "0.1.0-alpha.21317.5",
        "contentHash": "UlWw4eJGeIElRI1QR/p4Hy879HQGPPSB6zgBVxdBIdyDihTAD8/Wn4zmo630rz7Aemme+UaRQcfGpUHvd+jboA==",
        "dependencies": {
          "Google.Api.CommonProtos": "2.2.0",
          "Google.Protobuf": "3.14.0",
          "Grpc.AspNetCore.Server": "2.33.1",
          "System.IO.Pipelines": "4.7.2"
        }
      },
      "Microsoft.AspNetCore.Grpc.Swagger": {
        "type": "Direct",
        "requested": "[0.1.0-alpha.21317.5, )",
        "resolved": "0.1.0-alpha.21317.5",
        "contentHash": "83u1YaEXfy842jh2V4ZpFUSDTNR1xa1r99QGbr1lzpJm7PG/0o97LXtJJLKVux0XhjR1J4b4mCl+1nKCZhRDjQ==",
        "dependencies": {
          "Microsoft.AspNetCore.Grpc.HttpApi": "0.1.0-alpha.21317.5",
          "Swashbuckle.AspNetCore": "6.1.4"
        }
      },
      "Serilog.AspNetCore": {
        "type": "Direct",
        "requested": "[6.0.1, )",
        "resolved": "6.0.1",
        "contentHash": "5XW90k62V7G9I0D/j9Iz+NyRBB6/SnoFpHUPeLnV40gONV2vs2A/ewWi91QVjQmyHBfzFeqIrkvE/DJMZ0alTg==",
        "dependencies": {
          "Microsoft.Extensions.DependencyInjection": "5.0.0",
          "Microsoft.Extensions.Logging": "5.0.0",
          "Serilog": "2.10.0",
          "Serilog.Extensions.Hosting": "5.0.1",
          "Serilog.Formatting.Compact": "1.1.0",
          "Serilog.Settings.Configuration": "3.3.0",
          "Serilog.Sinks.Console": "4.0.1",
          "Serilog.Sinks.Debug": "2.0.0",
          "Serilog.Sinks.File": "5.0.0"
        }
      },
      "System.Linq.Async": {
        "type": "Direct",
        "requested": "[6.0.1, )",
        "resolved": "6.0.1",
        "contentHash": "0YhHcaroWpQ9UCot3Pizah7ryAzQhNvobLMSxeDIGmnXfkQn8u5owvpOH0K6EVB+z9L7u6Cc4W17Br/+jyttEQ==",
        "dependencies": {
          "Microsoft.Bcl.AsyncInterfaces": "6.0.0"
        }
      },
      "System.Reactive": {
        "type": "Direct",
        "requested": "[5.0.0, )",
        "resolved": "5.0.0",
        "contentHash": "erBZjkQHWL9jpasCE/0qKAryzVBJFxGHVBAvgRN1bzM0q2s1S4oYREEEL0Vb+1kA/6BKb5FjUZMp5VXmy+gzkQ=="
      },
      "Grpc.AspNetCore.Server": {
        "type": "Transitive",
        "resolved": "2.49.0",
        "contentHash": "it0nmQi10S/cgC1nk/nVgQiYv5sd/IWnob8SsB3JEpbIFAAKaU6ZjdTKRiATunNtDb/IYBLGeo8BMDoxfewxyw==",
        "dependencies": {
          "Grpc.Net.Common": "2.49.0"
        }
      },
      "Grpc.AspNetCore.Server.ClientFactory": {
        "type": "Transitive",
        "resolved": "2.49.0",
        "contentHash": "2a30ebIihiDcJsDq4GAil2LTNY4y4bgPZLpG06WNI/JuxDkRxoQ0myuRHdVlouQ1MzkjixQepEuRvHvNHgvk6w==",
        "dependencies": {
          "Grpc.AspNetCore.Server": "2.49.0",
          "Grpc.Net.ClientFactory": "2.49.0"
        }
      },
      "Grpc.Net.Common": {
        "type": "Transitive",
        "resolved": "2.49.0",
        "contentHash": "G0TVTS8fjCk8b7td/E7C8/ssJPm3JnGVBKsveoj/89PIwIee72qkXG+tVn5c1gwTanEFPdyPoydna/bmU/NAaw==",
        "dependencies": {
          "Grpc.Core.Api": "2.49.0"
        }
      },
      "Grpc.Reflection": {
        "type": "Transitive",
        "resolved": "2.49.0",
        "contentHash": "duVoY6xT1bqanJuNTsDrPf0X/u0WhMsFe8dA/yXOSAApoKr8nMtOaIGhAmGF06530shK0s8QXvIXrDeynlIxVw==",
        "dependencies": {
          "Google.Protobuf": "3.21.5",
          "Grpc.Core.Api": "2.49.0"
        }
      },
      "Microsoft.Extensions.ApiDescription.Server": {
        "type": "Transitive",
        "resolved": "3.0.0",
        "contentHash": "LH4OE/76F6sOCslif7+Xh3fS/wUUrE5ryeXAMcoCnuwOQGT5Smw0p57IgDh/pHgHaGz/e+AmEQb7pRgb++wt0w=="
      },
      "Microsoft.Extensions.Configuration.Abstractions": {
        "type": "Transitive",
        "resolved": "3.1.8",
        "contentHash": "0qbNyxGpuNP/fuQ3FLHesm1Vn/83qYcAgVsi1UQCQN1peY4YH1uiizOh4xbYkQyxiVMD/c/zhiYYv94G0DXSSA==",
        "dependencies": {
          "Microsoft.Extensions.Primitives": "3.1.8"
        }
      },
      "Microsoft.Extensions.Configuration.Binder": {
        "type": "Transitive",
        "resolved": "2.0.0",
        "contentHash": "IznHHzGUtrdpuQqIUdmzF6TYPcsYHONhHh3o9dGp39sX/9Zfmt476UnhvU0UhXgJnXXAikt/MpN6AuSLCCMdEQ==",
        "dependencies": {
          "Microsoft.Extensions.Configuration": "2.0.0"
        }
      },
      "Microsoft.Extensions.DependencyModel": {
        "type": "Transitive",
        "resolved": "3.0.0",
        "contentHash": "Iaectmzg9Dc4ZbKX/FurrRjgO/I8rTumL5UU+Uube6vZuGetcnXoIgTA94RthFWePhdMVm8MMhVFJZdbzMsdyQ==",
        "dependencies": {
          "System.Text.Json": "4.6.0"
        }
      },
      "Microsoft.Extensions.FileProviders.Abstractions": {
        "type": "Transitive",
        "resolved": "3.1.8",
        "contentHash": "U7ffyzrPfRDH5K3h/mBpqJVoHbppw1kc1KyHZcZeDR7b1A0FRaqMSiizGpN9IGwWs9BuN7oXIKFyviuSGBjHtQ==",
        "dependencies": {
          "Microsoft.Extensions.Primitives": "3.1.8"
        }
      },
      "Microsoft.Extensions.Logging.Abstractions": {
        "type": "Transitive",
        "resolved": "6.0.0",
        "contentHash": "/HggWBbTwy8TgebGSX5DBZ24ndhzi93sHUBDvP1IxbZD7FDokYzdAr6+vbWGjw2XAfR2EJ1sfKUotpjHnFWPxA=="
      },
      "Microsoft.Extensions.Primitives": {
        "type": "Transitive",
        "resolved": "6.0.0",
        "contentHash": "9+PnzmQFfEFNR9J2aDTfJGGupShHjOuGw4VUv+JB044biSHrnmCIMD+mJHmb2H7YryrfBEXDurxQ47gJZdCKNQ==",
        "dependencies": {
          "System.Runtime.CompilerServices.Unsafe": "6.0.0"
        }
      },
      "Microsoft.OpenApi": {
        "type": "Transitive",
        "resolved": "1.2.3",
        "contentHash": "Nug3rO+7Kl5/SBAadzSMAVgqDlfGjJZ0GenQrLywJ84XGKO0uRqkunz5Wyl0SDwcR71bAATXvSdbdzPrYRYKGw=="
      },
      "Serilog": {
        "type": "Transitive",
        "resolved": "2.10.0",
        "contentHash": "+QX0hmf37a0/OZLxM3wL7V6/ADvC1XihXN4Kq/p6d8lCPfgkRdiuhbWlMaFjR9Av0dy5F0+MBeDmDdRZN/YwQA=="
      },
      "Serilog.Extensions.Hosting": {
        "type": "Transitive",
        "resolved": "5.0.1",
        "contentHash": "o0VUyt3npAqOJaZ6CiWLFeLYs3CYJwfcAqaUqprzsmj7qYIvorcn8cZLVR8AQX6vzX7gee2bD0sQeA17iO2/Aw==",
        "dependencies": {
          "Microsoft.Extensions.DependencyInjection.Abstractions": "3.1.8",
          "Microsoft.Extensions.Hosting.Abstractions": "3.1.8",
          "Microsoft.Extensions.Logging.Abstractions": "3.1.8",
          "Serilog": "2.10.0",
          "Serilog.Extensions.Logging": "3.1.0"
        }
      },
      "Serilog.Settings.Configuration": {
        "type": "Transitive",
        "resolved": "3.3.0",
        "contentHash": "7GNudISZwqaT902hqEL2OFGTZeUFWfnrNLupJkOqeF41AR3GjcxX+Hwb30xb8gG2/CDXsCMVfF8o0+8KY0fJNg==",
        "dependencies": {
          "Microsoft.Extensions.DependencyModel": "3.0.0",
          "Microsoft.Extensions.Options.ConfigurationExtensions": "2.0.0",
          "Serilog": "2.10.0"
        }
      },
      "Serilog.Sinks.Debug": {
        "type": "Transitive",
        "resolved": "2.0.0",
        "contentHash": "Y6g3OBJ4JzTyyw16fDqtFcQ41qQAydnEvEqmXjhwhgjsnG/FaJ8GUqF5ldsC/bVkK8KYmqrPhDO+tm4dF6xx4A==",
        "dependencies": {
          "Serilog": "2.10.0"
        }
      },
      "Swashbuckle.AspNetCore": {
        "type": "Transitive",
        "resolved": "6.1.4",
        "contentHash": "aglxV+kJA5wP0RoAS8Rrh4Jp7bmVEcDAAofdSyGfea4TSEtNRLam9Fq0A4+0asUWDRk1N0/6VnuLC6+ev50wSQ==",
        "dependencies": {
          "Microsoft.Extensions.ApiDescription.Server": "3.0.0",
          "Swashbuckle.AspNetCore.Swagger": "6.1.4",
          "Swashbuckle.AspNetCore.SwaggerGen": "6.1.4",
          "Swashbuckle.AspNetCore.SwaggerUI": "6.1.4"
        }
      },
      "Swashbuckle.AspNetCore.Swagger": {
        "type": "Transitive",
        "resolved": "6.1.4",
        "contentHash": "5XRKPKXpQRJMdOwHgotSZjWYGKnvresUIKiUOecmDrsiTkRpUd15QJMS/+HKYjjOvWnJthYwhLJG3pABJOHwOg==",
        "dependencies": {
          "Microsoft.OpenApi": "1.2.3"
        }
      },
      "Swashbuckle.AspNetCore.SwaggerGen": {
        "type": "Transitive",
        "resolved": "6.1.4",
        "contentHash": "i0Y3a3XMKz7r9vMNtB7TUIsWXpz9uJwnJ42NV3lAnmem7XpTykxm/cFJqHc9CqVBdbPf7XPvhUvEiUybRlocIg==",
        "dependencies": {
          "Swashbuckle.AspNetCore.Swagger": "6.1.4"
        }
      },
      "Swashbuckle.AspNetCore.SwaggerUI": {
        "type": "Transitive",
        "resolved": "6.1.4",
        "contentHash": "Ue8Ag73DOXPPB/NCqT7oN1PYSj35IETWROsIZG9EbwAtFDcgonWOrHbefjMFUGyPalNm6CSmVm1JInpURnxMgw=="
      },
      "System.Diagnostics.DiagnosticSource": {
        "type": "Transitive",
        "resolved": "6.0.0",
        "contentHash": "frQDfv0rl209cKm1lnwTgFPzNigy2EKk1BS3uAvHvlBVKe5cymGyHO+Sj+NLv5VF/AhHsqPIUUwya5oV4CHMUw==",
        "dependencies": {
          "System.Runtime.CompilerServices.Unsafe": "6.0.0"
        }
      },
      "System.IO.Pipelines": {
        "type": "Transitive",
        "resolved": "4.7.2",
        "contentHash": "rGIIhoY3lUdn9rWeuGdgeZZ0P+SpJ1wZI5g8TnXqgvuhFgUP7iP9Nt5FZebYInQZQxqnwjPxdYYBE5l/8PJmqQ=="
      },
      "System.Runtime.CompilerServices.Unsafe": {
        "type": "Transitive",
        "resolved": "6.0.0",
        "contentHash": "/iUeP3tq1S0XdNNoMz5C9twLSrM/TH+qElHkXWaPvuNOt+99G75NrV0OS2EqHx5wMN7popYjpc8oTjC1y16DLg=="
      },
      "safir.agent.client": {
        "type": "Project",
        "dependencies": {
          "Grpc.Net.Client": "[2.49.0, )",
          "Grpc.Net.ClientFactory": "[2.49.0, )",
          "Microsoft.Extensions.DependencyInjection.Abstractions": "[6.0.0, )",
          "Microsoft.Extensions.Http": "[6.0.0, )",
          "Microsoft.Extensions.Options": "[6.0.0, )",
          "Safir.Agent.Client.Abstractions": "[1.0.0, )",
          "Safir.Protos": "[1.0.0, )"
        }
      },
      "safir.agent.client.abstractions": {
        "type": "Project",
        "dependencies": {
          "Grpc.Core": "[2.46.5, )",
          "JetBrains.Annotations": "[2022.1.0, )",
          "Safir.Protos": "[1.0.0, )"
        }
      },
      "safir.messaging.abstractions": {
        "type": "Project",
        "dependencies": {
          "JetBrains.Annotations": "[2022.1.0, )"
        }
      },
      "safir.protos": {
        "type": "Project",
        "dependencies": {
          "Google.Api.CommonProtos": "[2.6.0, )",
          "Google.Protobuf": "[3.21.7, )",
          "Grpc.Core.Api": "[2.49.0, )",
          "Safir.Messaging.Abstractions": "[1.0.0, )"
        }
      },
      "Google.Api.CommonProtos": {
        "type": "CentralTransitive",
        "requested": "[2.6.0, )",
        "resolved": "2.6.0",
        "contentHash": "GuxkKnM6Ok9f1CV2CpQatTQ04g3RAuUUStM1McHK4O8XopJTdih0nwgI1ESrgVi9LpExxzx7OhxDXivE2Ua8Ig==",
        "dependencies": {
          "Google.Protobuf": "[3.21.0, 4.0.0)"
        }
      },
      "Google.Protobuf": {
        "type": "CentralTransitive",
        "requested": "[3.21.7, )",
        "resolved": "3.21.7",
        "contentHash": "0Q+wYqtEVjRxVbtfxXzTUzwLGMZJKqhmIgdDpwWyg8J4ykYqfPn0M60FPBcZkjiGgtJqvZp+8t2van9rxTCLWQ=="
      },
      "Grpc.Core": {
        "type": "CentralTransitive",
        "requested": "[2.46.5, )",
        "resolved": "2.46.5",
        "contentHash": "bD35LTppXYmRvymX6rV+mqc2wZcZf8o0fYkEJ414cul1RiGRWTeVWOtDC94CaTGG2Ie/XoLTd347bnBB5vHaGQ==",
        "dependencies": {
          "Grpc.Core.Api": "2.46.5",
          "System.Memory": "4.5.3"
        }
      },
      "Grpc.Core.Api": {
        "type": "CentralTransitive",
        "requested": "[2.49.0, )",
        "resolved": "2.49.0",
        "contentHash": "6OTcSQ8iML+xzmELhH4anUZlNM3dHDKPFBsMLSdiT80LJaaZKxwZml/K9ZdfLIjSR/EzdMZzzU2Avbedz4N7BA==",
        "dependencies": {
          "System.Memory": "4.5.3"
        }
      },
      "Grpc.Net.Client": {
        "type": "CentralTransitive",
        "requested": "[2.49.0, )",
        "resolved": "2.49.0",
        "contentHash": "mLXxEJzqnRHseVzRCzSQznA7y8pcSStVbstLTUuQRulN7kREovh82ctNkGpkfwONi/DHoWscX9mJLiAmh0gjOQ==",
        "dependencies": {
          "Grpc.Net.Common": "2.49.0",
          "Microsoft.Extensions.Logging.Abstractions": "3.0.3"
        }
      },
      "Grpc.Net.ClientFactory": {
        "type": "CentralTransitive",
        "requested": "[2.49.0, )",
        "resolved": "2.49.0",
        "contentHash": "4Ac7dsrARbcs1g2vrUSUadtZ0kIGTk6yhA5ccOBjgM+RTzY3L54TgMddmeaV7/Z4f9sZn6T1ls6FmUiG8Dms+Q==",
        "dependencies": {
          "Grpc.Net.Client": "2.49.0",
          "Microsoft.Extensions.Http": "3.0.3"
        }
      },
      "Grpc.Tools": {
        "type": "CentralTransitive",
        "requested": "[2.49.1, )",
        "resolved": "2.49.0",
        "contentHash": "fvA8M6m+cKR5cCwVfKNyUtC8/immoNiNGXW8rwLmwb4y4XRFtQJyN9dmGCJNh1mt0cb9LjSSiAZwmSfMgmE2Ng=="
      },
      "Microsoft.Bcl.AsyncInterfaces": {
        "type": "CentralTransitive",
        "requested": "[6.0.0, )",
        "resolved": "6.0.0",
        "contentHash": "UcSjPsst+DfAdJGVDsu346FX0ci0ah+lw3WRtn18NUwEqRt70HaOQ7lI72vy3+1LxtqI3T5GWwV39rQSrCzAeg=="
      },
      "Microsoft.Extensions.Configuration": {
        "type": "CentralTransitive",
        "requested": "[6.0.1, )",
        "resolved": "2.0.0",
        "contentHash": "SsI4RqI8EH00+cYO96tbftlh87sNUv1eeyuBU1XZdQkG0RrHAOjWgl7P0FoLeTSMXJpOnfweeOWj2d1/5H3FxA==",
        "dependencies": {
          "Microsoft.Extensions.Configuration.Abstractions": "2.0.0"
        }
      },
      "Microsoft.Extensions.DependencyInjection": {
        "type": "CentralTransitive",
        "requested": "[6.0.0, )",
        "resolved": "6.0.0",
        "contentHash": "k6PWQMuoBDGGHOQTtyois2u4AwyVcIwL2LaSLlTZQm2CYcJ1pxbt6jfAnpWmzENA/wfrYRI/X9DTLoUkE4AsLw==",
        "dependencies": {
          "Microsoft.Extensions.DependencyInjection.Abstractions": "6.0.0",
          "System.Runtime.CompilerServices.Unsafe": "6.0.0"
        }
      },
      "Microsoft.Extensions.DependencyInjection.Abstractions": {
        "type": "CentralTransitive",
        "requested": "[6.0.0, )",
        "resolved": "6.0.0",
        "contentHash": "xlzi2IYREJH3/m6+lUrQlujzX8wDitm4QGnUu6kUXTQAWPuZY8i+ticFJbzfqaetLA6KR/rO6Ew/HuYD+bxifg=="
      },
      "Microsoft.Extensions.Hosting.Abstractions": {
        "type": "CentralTransitive",
        "requested": "[6.0.0, )",
        "resolved": "3.1.8",
        "contentHash": "7ZJUKwPipkDvuv2KJPZ3r01wp2AWNMiYH+61i0dL89F7QICknjKpWgLKLpTSUYFgl77S3b4264I6i4HzDdrb2A==",
        "dependencies": {
          "Microsoft.Extensions.Configuration.Abstractions": "3.1.8",
          "Microsoft.Extensions.DependencyInjection.Abstractions": "3.1.8",
          "Microsoft.Extensions.FileProviders.Abstractions": "3.1.8",
          "Microsoft.Extensions.Logging.Abstractions": "3.1.8"
        }
      },
      "Microsoft.Extensions.Http": {
        "type": "CentralTransitive",
        "requested": "[6.0.0, )",
        "resolved": "6.0.0",
        "contentHash": "15+pa2G0bAMHbHewaQIdr/y6ag2H3yh4rd9hTXavtWDzQBkvpe2RMqFg8BxDpcQWssmjmBApGPcw93QRz6YcMg==",
        "dependencies": {
          "Microsoft.Extensions.DependencyInjection.Abstractions": "6.0.0",
          "Microsoft.Extensions.Logging": "6.0.0",
          "Microsoft.Extensions.Logging.Abstractions": "6.0.0",
          "Microsoft.Extensions.Options": "6.0.0"
        }
      },
      "Microsoft.Extensions.Logging": {
        "type": "CentralTransitive",
        "requested": "[6.0.0, )",
        "resolved": "6.0.0",
        "contentHash": "eIbyj40QDg1NDz0HBW0S5f3wrLVnKWnDJ/JtZ+yJDFnDj90VoPuoPmFkeaXrtu+0cKm5GRAwoDf+dBWXK0TUdg==",
        "dependencies": {
          "Microsoft.Extensions.DependencyInjection": "6.0.0",
          "Microsoft.Extensions.DependencyInjection.Abstractions": "6.0.0",
          "Microsoft.Extensions.Logging.Abstractions": "6.0.0",
          "Microsoft.Extensions.Options": "6.0.0",
          "System.Diagnostics.DiagnosticSource": "6.0.0"
        }
      },
      "Microsoft.Extensions.Options": {
        "type": "CentralTransitive",
        "requested": "[6.0.0, )",
        "resolved": "6.0.0",
        "contentHash": "dzXN0+V1AyjOe2xcJ86Qbo233KHuLEY0njf/P2Kw8SfJU+d45HNS2ctJdnEnrWbM9Ye2eFgaC5Mj9otRMU6IsQ==",
        "dependencies": {
          "Microsoft.Extensions.DependencyInjection.Abstractions": "6.0.0",
          "Microsoft.Extensions.Primitives": "6.0.0"
        }
      },
      "Microsoft.Extensions.Options.ConfigurationExtensions": {
        "type": "CentralTransitive",
        "requested": "[6.0.0, )",
        "resolved": "2.0.0",
        "contentHash": "Y/lGICwO27fCkQRK3tZseVzFjZaxfGmui990E67sB4MuiPzdJHnJDS/BeYWrHShSSBgCl4KyKRx4ux686fftPg==",
        "dependencies": {
          "Microsoft.Extensions.Configuration.Abstractions": "2.0.0",
          "Microsoft.Extensions.Configuration.Binder": "2.0.0",
          "Microsoft.Extensions.DependencyInjection.Abstractions": "2.0.0",
          "Microsoft.Extensions.Options": "2.0.0"
        }
      },
      "Serilog.Extensions.Logging": {
        "type": "CentralTransitive",
        "requested": "[3.1.0, )",
        "resolved": "3.1.0",
        "contentHash": "IWfem7wfrFbB3iw1OikqPFNPEzfayvDuN4WP7Ue1AVFskalMByeWk3QbtUXQR34SBkv1EbZ3AySHda/ErDgpcg==",
        "dependencies": {
          "Microsoft.Extensions.Logging": "2.0.0",
          "Serilog": "2.9.0"
        }
      },
      "Serilog.Formatting.Compact": {
        "type": "CentralTransitive",
        "requested": "[1.1.0, )",
        "resolved": "1.1.0",
        "contentHash": "pNroKVjo+rDqlxNG5PXkRLpfSCuDOBY0ri6jp9PLe505ljqwhwZz8ospy2vWhQlFu5GkIesh3FcDs4n7sWZODA==",
        "dependencies": {
          "Serilog": "2.8.0"
        }
      },
      "Serilog.Sinks.Console": {
        "type": "CentralTransitive",
        "requested": "[4.1.0, )",
        "resolved": "4.0.1",
        "contentHash": "apLOvSJQLlIbKlbx+Y2UDHSP05kJsV7mou+fvJoRGs/iR+jC22r8cuFVMjjfVxz/AD4B2UCltFhE1naRLXwKNw==",
        "dependencies": {
          "Serilog": "2.10.0"
        }
      },
      "Serilog.Sinks.File": {
        "type": "CentralTransitive",
        "requested": "[5.0.0, )",
        "resolved": "5.0.0",
        "contentHash": "uwV5hdhWPwUH1szhO8PJpFiahqXmzPzJT/sOijH/kFgUx+cyoDTMM8MHD0adw9+Iem6itoibbUXHYslzXsLEAg==",
        "dependencies": {
          "Serilog": "2.10.0"
        }
      },
      "System.Memory": {
        "type": "CentralTransitive",
        "requested": "[4.5.5, )",
        "resolved": "4.5.3",
        "contentHash": "3oDzvc/zzetpTKWMShs1AADwZjQ/36HnsufHRPcOjyRAAMLDlu2iD33MBI2opxnezcVUtXyqDXXjoFMOU9c7SA=="
      },
      "System.Text.Json": {
        "type": "CentralTransitive",
        "requested": "[6.0.6, )",
        "resolved": "4.6.0",
        "contentHash": "4F8Xe+JIkVoDJ8hDAZ7HqLkjctN/6WItJIzQaifBwClC7wmoLSda/Sv2i6i1kycqDb3hWF4JCVbpAweyOKHEUA=="
      }
    }
  }
}