{
  "version": 2,
  "dependencies": {
    "net8.0": {
      "Grpc.AspNetCore": {
        "type": "Direct",
        "requested": "[2.52.0, )",
        "resolved": "2.52.0",
        "contentHash": "WXI5YzNFNiH8ByC4NBa1HRCGIWaaVAnBbPaZYHlmdQSq8nlF9kp479kkc16FUCckGQAAyL6k6JFdNUOJXIC0AA==",
        "dependencies": {
          "Google.Protobuf": "3.22.0",
          "Grpc.AspNetCore.Server.ClientFactory": "2.52.0",
          "Grpc.Tools": "2.52.0"
        }
      },
      "Grpc.AspNetCore.Server.Reflection": {
        "type": "Direct",
        "requested": "[2.53.0, )",
        "resolved": "2.53.0",
        "contentHash": "AWGXDJjjH0ZRgXTsp1tbUyqGPAzFvGVef9cb1Gbkd5jp9iut+Wn2P1rvBxslmWAc59ujXA5zM/Hrux6GKXNriA==",
        "dependencies": {
          "Google.Protobuf": "3.22.0",
          "Grpc.AspNetCore.Server": "2.53.0",
          "Grpc.Reflection": "2.53.0"
        }
      },
      "Grpc.AspNetCore.Web": {
        "type": "Direct",
        "requested": "[2.52.0, )",
        "resolved": "2.52.0",
        "contentHash": "tChsX9vzBOL8ma1coRBd0cyq5js353Gap1PVR/M0I6iD+bGv+cCBWlR25yLq48iO0YXxQgSRZWO5lTYVjboaoA=="
      },
      "JetBrains.Annotations": {
        "type": "Direct",
        "requested": "[2022.3.1, )",
        "resolved": "2022.3.1",
        "contentHash": "11nsS3+lFICGkztVs9PP2NRItxf9fF+qD6xEW/T0YGto52zj07wseUeBdMAU1ah9HNVTDZyRC1u4NWdtJScwhw=="
      },
      "Microsoft.AspNetCore.Grpc.Swagger": {
        "type": "Direct",
        "requested": "[0.3.5, )",
        "resolved": "0.3.5",
        "contentHash": "U+GCfNJIcXip+AY7syTsfafY8Uj5BXaUDVir3WkgvkWDPl5FkxH1wIxSk4iDEiWlhdoD6jrBAoR+IFOxDoDPsg==",
        "dependencies": {
          "Microsoft.AspNetCore.Grpc.JsonTranscoding": "7.0.5",
          "Swashbuckle.AspNetCore": "6.4.0"
        }
      },
      "Serilog.AspNetCore": {
        "type": "Direct",
        "requested": "[6.1.0, )",
        "resolved": "6.1.0",
        "contentHash": "iMwFUJDN+/yWIPz4TKCliagJ1Yn//SceCYCzgdPwe/ECYUwb5/WUL8cTzRKV+tFwxGjLEV/xpm0GupS5RwbhSQ==",
        "dependencies": {
          "Microsoft.Extensions.DependencyInjection": "5.0.0",
          "Microsoft.Extensions.Logging": "5.0.0",
          "Serilog": "2.10.0",
          "Serilog.Extensions.Hosting": "5.0.1",
          "Serilog.Formatting.Compact": "1.1.0",
          "Serilog.Settings.Configuration": "3.3.0",
          "Serilog.Sinks.Console": "4.0.1",
          "Serilog.Sinks.Debug": "2.0.0",
          "Serilog.Sinks.File": "5.0.0"
        }
      },
      "System.Linq.Async": {
        "type": "Direct",
        "requested": "[6.0.1, )",
        "resolved": "6.0.1",
        "contentHash": "0YhHcaroWpQ9UCot3Pizah7ryAzQhNvobLMSxeDIGmnXfkQn8u5owvpOH0K6EVB+z9L7u6Cc4W17Br/+jyttEQ==",
        "dependencies": {
          "Microsoft.Bcl.AsyncInterfaces": "6.0.0"
        }
      },
      "System.Reactive": {
        "type": "Direct",
        "requested": "[5.0.0, )",
        "resolved": "5.0.0",
        "contentHash": "erBZjkQHWL9jpasCE/0qKAryzVBJFxGHVBAvgRN1bzM0q2s1S4oYREEEL0Vb+1kA/6BKb5FjUZMp5VXmy+gzkQ=="
      },
      "Grpc.AspNetCore.Server.ClientFactory": {
        "type": "Transitive",
        "resolved": "2.52.0",
        "contentHash": "5PWgv7QzHHR1/qlRlk0ggiLSwQnR2OfCfX24SmeUUA7ALU93Kez//Gcnlf+6K0tcbkACOHjIYUqProdYKDVemA==",
        "dependencies": {
          "Grpc.AspNetCore.Server": "2.52.0",
          "Grpc.Net.ClientFactory": "2.52.0"
        }
      },
      "Grpc.Net.Common": {
        "type": "Transitive",
        "resolved": "2.53.0",
        "contentHash": "AcjscRF+QNpCZB2ITbl1b2zsCWM281+qPNTwLur+bA2FuhEvywfUZgJaKsP1NanOvkBetO1ai16LWcqnnUKZEA==",
        "dependencies": {
          "Grpc.Core.Api": "2.53.0"
        }
      },
      "Grpc.Reflection": {
        "type": "Transitive",
        "resolved": "2.53.0",
        "contentHash": "1oMHIG8y2ArpiYrDJNnEEDlRWtrH+/NgQN3Ii7Zc/gCEmSenAyq9oNnNJlLsNBFBZLJUn4DiRTtlqIib2zO8iw==",
        "dependencies": {
          "Google.Protobuf": "3.22.0",
          "Grpc.Core.Api": "2.53.0"
        }
      },
      "Microsoft.AspNetCore.Grpc.JsonTranscoding": {
        "type": "Transitive",
        "resolved": "7.0.5",
        "contentHash": "6QHraMfn+Uj/xDnpfzGpQAqigpWNhwmv0Yn7b2TPIiJR9ps7MPCLFCkqaoYNGfiRbIXvaVwi/T8UEbT1+oWLOw==",
        "dependencies": {
          "Google.Api.CommonProtos": "2.5.0",
          "Google.Protobuf": "3.21.6",
          "Grpc.AspNetCore.Server": "2.49.0"
        }
      },
      "Microsoft.Extensions.ApiDescription.Server": {
        "type": "Transitive",
        "resolved": "6.0.5",
        "contentHash": "Ckb5EDBUNJdFWyajfXzUIMRkhf52fHZOQuuZg/oiu8y7zDCVwD0iHhew6MnThjHmevanpxL3f5ci2TtHQEN6bw=="
      },
      "Microsoft.Extensions.Configuration.Abstractions": {
        "type": "Transitive",
        "resolved": "3.1.8",
        "contentHash": "0qbNyxGpuNP/fuQ3FLHesm1Vn/83qYcAgVsi1UQCQN1peY4YH1uiizOh4xbYkQyxiVMD/c/zhiYYv94G0DXSSA==",
        "dependencies": {
          "Microsoft.Extensions.Primitives": "3.1.8"
        }
      },
      "Microsoft.Extensions.Configuration.Binder": {
        "type": "Transitive",
        "resolved": "2.0.0",
        "contentHash": "IznHHzGUtrdpuQqIUdmzF6TYPcsYHONhHh3o9dGp39sX/9Zfmt476UnhvU0UhXgJnXXAikt/MpN6AuSLCCMdEQ==",
        "dependencies": {
          "Microsoft.Extensions.Configuration": "2.0.0"
        }
      },
      "Microsoft.Extensions.DependencyModel": {
        "type": "Transitive",
        "resolved": "3.0.0",
        "contentHash": "Iaectmzg9Dc4ZbKX/FurrRjgO/I8rTumL5UU+Uube6vZuGetcnXoIgTA94RthFWePhdMVm8MMhVFJZdbzMsdyQ==",
        "dependencies": {
          "System.Text.Json": "4.6.0"
        }
      },
      "Microsoft.Extensions.FileProviders.Abstractions": {
        "type": "Transitive",
        "resolved": "3.1.8",
        "contentHash": "U7ffyzrPfRDH5K3h/mBpqJVoHbppw1kc1KyHZcZeDR7b1A0FRaqMSiizGpN9IGwWs9BuN7oXIKFyviuSGBjHtQ==",
        "dependencies": {
          "Microsoft.Extensions.Primitives": "3.1.8"
        }
      },
      "Microsoft.Extensions.Primitives": {
        "type": "Transitive",
        "resolved": "7.0.0",
        "contentHash": "um1KU5kxcRp3CNuI8o/GrZtD4AIOXDk+RLsytjZ9QPok3ttLUelLKpilVPuaFT3TFjOhSibUAso0odbOaCDj3Q=="
      },
      "Microsoft.OpenApi": {
        "type": "Transitive",
        "resolved": "1.2.3",
        "contentHash": "Nug3rO+7Kl5/SBAadzSMAVgqDlfGjJZ0GenQrLywJ84XGKO0uRqkunz5Wyl0SDwcR71bAATXvSdbdzPrYRYKGw=="
      },
      "Serilog": {
        "type": "Transitive",
        "resolved": "2.10.0",
        "contentHash": "+QX0hmf37a0/OZLxM3wL7V6/ADvC1XihXN4Kq/p6d8lCPfgkRdiuhbWlMaFjR9Av0dy5F0+MBeDmDdRZN/YwQA=="
      },
      "Serilog.Extensions.Hosting": {
        "type": "Transitive",
        "resolved": "5.0.1",
        "contentHash": "o0VUyt3npAqOJaZ6CiWLFeLYs3CYJwfcAqaUqprzsmj7qYIvorcn8cZLVR8AQX6vzX7gee2bD0sQeA17iO2/Aw==",
        "dependencies": {
          "Microsoft.Extensions.DependencyInjection.Abstractions": "3.1.8",
          "Microsoft.Extensions.Hosting.Abstractions": "3.1.8",
          "Microsoft.Extensions.Logging.Abstractions": "3.1.8",
          "Serilog": "2.10.0",
          "Serilog.Extensions.Logging": "3.1.0"
        }
      },
      "Serilog.Settings.Configuration": {
        "type": "Transitive",
        "resolved": "3.3.0",
        "contentHash": "7GNudISZwqaT902hqEL2OFGTZeUFWfnrNLupJkOqeF41AR3GjcxX+Hwb30xb8gG2/CDXsCMVfF8o0+8KY0fJNg==",
        "dependencies": {
          "Microsoft.Extensions.DependencyModel": "3.0.0",
          "Microsoft.Extensions.Options.ConfigurationExtensions": "2.0.0",
          "Serilog": "2.10.0"
        }
      },
      "Serilog.Sinks.Debug": {
        "type": "Transitive",
        "resolved": "2.0.0",
        "contentHash": "Y6g3OBJ4JzTyyw16fDqtFcQ41qQAydnEvEqmXjhwhgjsnG/FaJ8GUqF5ldsC/bVkK8KYmqrPhDO+tm4dF6xx4A==",
        "dependencies": {
          "Serilog": "2.10.0"
        }
      },
      "Swashbuckle.AspNetCore": {
        "type": "Transitive",
        "resolved": "6.4.0",
        "contentHash": "eUBr4TW0up6oKDA5Xwkul289uqSMgY0xGN4pnbOIBqCcN9VKGGaPvHX3vWaG/hvocfGDP+MGzMA0bBBKz2fkmQ==",
        "dependencies": {
          "Microsoft.Extensions.ApiDescription.Server": "6.0.5",
          "Swashbuckle.AspNetCore.Swagger": "6.4.0",
          "Swashbuckle.AspNetCore.SwaggerGen": "6.4.0",
          "Swashbuckle.AspNetCore.SwaggerUI": "6.4.0"
        }
      },
      "Swashbuckle.AspNetCore.Swagger": {
        "type": "Transitive",
        "resolved": "6.4.0",
        "contentHash": "nl4SBgGM+cmthUcpwO/w1lUjevdDHAqRvfUoe4Xp/Uvuzt9mzGUwyFCqa3ODBAcZYBiFoKvrYwz0rabslJvSmQ==",
        "dependencies": {
          "Microsoft.OpenApi": "1.2.3"
        }
      },
      "Swashbuckle.AspNetCore.SwaggerGen": {
        "type": "Transitive",
        "resolved": "6.4.0",
        "contentHash": "lXhcUBVqKrPFAQF7e/ZeDfb5PMgE8n5t6L5B6/BQSpiwxgHzmBcx8Msu42zLYFTvR5PIqE9Q9lZvSQAcwCxJjw==",
        "dependencies": {
          "Swashbuckle.AspNetCore.Swagger": "6.4.0"
        }
      },
      "Swashbuckle.AspNetCore.SwaggerUI": {
        "type": "Transitive",
        "resolved": "6.4.0",
        "contentHash": "1Hh3atb3pi8c+v7n4/3N80Jj8RvLOXgWxzix6w3OZhB7zBGRwsy7FWr4e3hwgPweSBpwfElqj4V4nkjYabH9nQ=="
      },
      "safir.agent.client": {
        "type": "Project",
        "dependencies": {
          "Grpc.Net.Client": "[2.52.0, )",
          "Grpc.Net.ClientFactory": "[2.52.0, )",
          "Microsoft.Extensions.DependencyInjection.Abstractions": "[7.0.0, )",
          "Microsoft.Extensions.Http": "[7.0.0, )",
          "Microsoft.Extensions.Options": "[7.0.1, )",
          "Safir.Agent.Client.Abstractions": "[1.0.0, )",
          "Safir.Protos": "[1.0.0, )"
        }
      },
      "safir.agent.client.abstractions": {
        "type": "Project",
        "dependencies": {
          "JetBrains.Annotations": "[2022.3.1, )",
          "Safir.Protos": "[1.0.0, )"
        }
      },
      "safir.manager.abstractions": {
        "type": "Project",
        "dependencies": {
          "Safir.Agent.Client.Abstractions": "[1.0.0, )"
        }
      },
      "safir.messaging.abstractions": {
        "type": "Project",
        "dependencies": {
          "JetBrains.Annotations": "[2022.3.1, )"
        }
      },
      "safir.protos": {
        "type": "Project",
        "dependencies": {
          "Google.Api.CommonProtos": "[2.9.0, )",
          "Google.Protobuf": "[3.22.3, )",
          "Grpc.Core.Api": "[2.52.0, )",
          "Safir.Messaging.Abstractions": "[1.0.0, )"
        }
      },
      "Google.Api.CommonProtos": {
        "type": "CentralTransitive",
        "requested": "[2.9.0, )",
        "resolved": "2.9.0",
        "contentHash": "kiL81fhm2atM4jEJiR0KwYDkGpGx7g2V3PNc0FKs6xd3J8tBUpXcM5oPY7qKRUFiBDMrBcZzamgFXP9Caqnkjw==",
        "dependencies": {
          "Google.Protobuf": "[3.22.0, 4.0.0)"
        }
      },
      "Google.Protobuf": {
        "type": "CentralTransitive",
        "requested": "[3.22.3, )",
        "resolved": "3.22.3",
        "contentHash": "uyWJZTS0N3gw35jtm/++1jAJNPkFP92QYdxgiC0yv8vQaOi8gaJZ8PhCnjmN6JbobJcCFPBd0cGkmCh6QYOt6Q=="
      },
      "Grpc.AspNetCore.Server": {
        "type": "CentralTransitive",
        "requested": "[2.54.0-pre1, )",
        "resolved": "2.53.0",
        "contentHash": "VaS9W0XEM+0xUWkUHs+Ee+YQNfEmwEzFNcNny4fFeAzT784e4ptDCM/3FIdp4yK+kS87ghuMcGp7K51JqMgnug==",
        "dependencies": {
          "Grpc.Net.Common": "2.53.0"
        }
      },
      "Grpc.Core.Api": {
        "type": "CentralTransitive",
        "requested": "[2.52.0, )",
        "resolved": "2.53.0",
        "contentHash": "aIFksGygmlmijcLjcPcKR3FVSCpm5OZH8r81MjSlU+rNLW1i9zVszAivxUpiun/5nHq0Ycg1RrUCzA5xLfVuIw==",
        "dependencies": {
          "System.Memory": "4.5.3"
        }
      },
      "Grpc.Net.Client": {
        "type": "CentralTransitive",
        "requested": "[2.52.0, )",
        "resolved": "2.52.0",
        "contentHash": "hWVH9g/Nnjz40ni//2S8UIOyEmhueQREoZIkD0zKHEPqLxXcNlbp4eebXIOicZtkwDSx0TFz9NpkbecEDn6rBw==",
        "dependencies": {
          "Grpc.Net.Common": "2.52.0",
          "Microsoft.Extensions.Logging.Abstractions": "3.0.3"
        }
      },
      "Grpc.Net.ClientFactory": {
        "type": "CentralTransitive",
        "requested": "[2.52.0, )",
        "resolved": "2.52.0",
        "contentHash": "ZWNj3CnsErYd+m19gbTkmhGdSqciint6V2laC0VeHLF+nPiJDm4GpTRit/gEVoGzWt8zCPWd1k52qW98gxbWjg==",
        "dependencies": {
          "Grpc.Net.Client": "2.52.0",
          "Microsoft.Extensions.Http": "3.0.3"
        }
      },
      "Grpc.Tools": {
        "type": "CentralTransitive",
        "requested": "[2.54.0, )",
        "resolved": "2.52.0",
        "contentHash": "4BNEWpkMXWUEttmhjjey10+un3XOxBBO3kN0aCyjwFCtzzM73lRI06rppkMh+CtKx+xLcbMBJ991XKYTQORCQA=="
      },
      "Microsoft.Bcl.AsyncInterfaces": {
        "type": "CentralTransitive",
        "requested": "[7.0.0, )",
        "resolved": "6.0.0",
        "contentHash": "UcSjPsst+DfAdJGVDsu346FX0ci0ah+lw3WRtn18NUwEqRt70HaOQ7lI72vy3+1LxtqI3T5GWwV39rQSrCzAeg=="
      },
      "Microsoft.Extensions.Configuration": {
        "type": "CentralTransitive",
        "requested": "[7.0.0, )",
        "resolved": "2.0.0",
        "contentHash": "SsI4RqI8EH00+cYO96tbftlh87sNUv1eeyuBU1XZdQkG0RrHAOjWgl7P0FoLeTSMXJpOnfweeOWj2d1/5H3FxA==",
        "dependencies": {
          "Microsoft.Extensions.Configuration.Abstractions": "2.0.0"
        }
      },
      "Microsoft.Extensions.DependencyInjection": {
        "type": "CentralTransitive",
        "requested": "[7.0.0, )",
        "resolved": "7.0.0",
        "contentHash": "elNeOmkeX3eDVG6pYVeV82p29hr+UKDaBhrZyWvWLw/EVZSYEkZlQdkp0V39k/Xehs2Qa0mvoCvkVj3eQxNQ1Q==",
        "dependencies": {
          "Microsoft.Extensions.DependencyInjection.Abstractions": "7.0.0"
        }
      },
      "Microsoft.Extensions.DependencyInjection.Abstractions": {
        "type": "CentralTransitive",
        "requested": "[7.0.0, )",
        "resolved": "7.0.0",
        "contentHash": "h3j/QfmFN4S0w4C2A6X7arXij/M/OVw3uQHSOFxnND4DyAzO1F9eMX7Eti7lU/OkSthEE0WzRsfT/Dmx86jzCw=="
      },
      "Microsoft.Extensions.Hosting.Abstractions": {
        "type": "CentralTransitive",
        "requested": "[7.0.0, )",
        "resolved": "3.1.8",
        "contentHash": "7ZJUKwPipkDvuv2KJPZ3r01wp2AWNMiYH+61i0dL89F7QICknjKpWgLKLpTSUYFgl77S3b4264I6i4HzDdrb2A==",
        "dependencies": {
          "Microsoft.Extensions.Configuration.Abstractions": "3.1.8",
          "Microsoft.Extensions.DependencyInjection.Abstractions": "3.1.8",
          "Microsoft.Extensions.FileProviders.Abstractions": "3.1.8",
          "Microsoft.Extensions.Logging.Abstractions": "3.1.8"
        }
      },
      "Microsoft.Extensions.Http": {
        "type": "CentralTransitive",
        "requested": "[7.0.0, )",
        "resolved": "7.0.0",
        "contentHash": "9Pq9f/CvOSz0t9yQa6g1uWpxa2sm13daLFm8EZwy9MaQUjKXWdNUXQwIxwhmba5N83UIqURiPHSNqGK1vfWF2w==",
        "dependencies": {
          "Microsoft.Extensions.DependencyInjection.Abstractions": "7.0.0",
          "Microsoft.Extensions.Logging": "7.0.0",
          "Microsoft.Extensions.Logging.Abstractions": "7.0.0",
          "Microsoft.Extensions.Options": "7.0.0"
        }
      },
      "Microsoft.Extensions.Logging": {
        "type": "CentralTransitive",
        "requested": "[7.0.0, )",
        "resolved": "7.0.0",
        "contentHash": "Nw2muoNrOG5U5qa2ZekXwudUn2BJcD41e65zwmDHb1fQegTX66UokLWZkJRpqSSHXDOWZ5V0iqhbxOEky91atA==",
        "dependencies": {
          "Microsoft.Extensions.DependencyInjection": "7.0.0",
          "Microsoft.Extensions.DependencyInjection.Abstractions": "7.0.0",
          "Microsoft.Extensions.Logging.Abstractions": "7.0.0",
          "Microsoft.Extensions.Options": "7.0.0"
        }
      },
      "Microsoft.Extensions.Logging.Abstractions": {
        "type": "CentralTransitive",
        "requested": "[7.0.0, )",
        "resolved": "7.0.0",
        "contentHash": "kmn78+LPVMOWeITUjIlfxUPDsI0R6G0RkeAMBmQxAJ7vBJn4q2dTva7pWi65ceN5vPGjJ9q/Uae2WKgvfktJAw=="
      },
      "Microsoft.Extensions.Options": {
        "type": "CentralTransitive",
        "requested": "[7.0.1, )",
        "resolved": "7.0.1",
        "contentHash": "pZRDYdN1FpepOIfHU62QoBQ6zdAoTvnjxFfqAzEd9Jhb2dfhA5i6jeTdgGgcgTWFRC7oT0+3XrbQu4LjvgX1Nw==",
        "dependencies": {
          "Microsoft.Extensions.DependencyInjection.Abstractions": "7.0.0",
          "Microsoft.Extensions.Primitives": "7.0.0"
        }
      },
      "Microsoft.Extensions.Options.ConfigurationExtensions": {
        "type": "CentralTransitive",
        "requested": "[7.0.0, )",
        "resolved": "2.0.0",
        "contentHash": "Y/lGICwO27fCkQRK3tZseVzFjZaxfGmui990E67sB4MuiPzdJHnJDS/BeYWrHShSSBgCl4KyKRx4ux686fftPg==",
        "dependencies": {
          "Microsoft.Extensions.Configuration.Abstractions": "2.0.0",
          "Microsoft.Extensions.Configuration.Binder": "2.0.0",
          "Microsoft.Extensions.DependencyInjection.Abstractions": "2.0.0",
          "Microsoft.Extensions.Options": "2.0.0"
        }
      },
      "Serilog.Extensions.Logging": {
        "type": "CentralTransitive",
        "requested": "[3.1.0, )",
        "resolved": "3.1.0",
        "contentHash": "IWfem7wfrFbB3iw1OikqPFNPEzfayvDuN4WP7Ue1AVFskalMByeWk3QbtUXQR34SBkv1EbZ3AySHda/ErDgpcg==",
        "dependencies": {
          "Microsoft.Extensions.Logging": "2.0.0",
          "Serilog": "2.9.0"
        }
      },
      "Serilog.Formatting.Compact": {
        "type": "CentralTransitive",
        "requested": "[1.1.0, )",
        "resolved": "1.1.0",
        "contentHash": "pNroKVjo+rDqlxNG5PXkRLpfSCuDOBY0ri6jp9PLe505ljqwhwZz8ospy2vWhQlFu5GkIesh3FcDs4n7sWZODA==",
        "dependencies": {
          "Serilog": "2.8.0"
        }
      },
      "Serilog.Sinks.Console": {
        "type": "CentralTransitive",
        "requested": "[4.1.0, )",
        "resolved": "4.0.1",
        "contentHash": "apLOvSJQLlIbKlbx+Y2UDHSP05kJsV7mou+fvJoRGs/iR+jC22r8cuFVMjjfVxz/AD4B2UCltFhE1naRLXwKNw==",
        "dependencies": {
          "Serilog": "2.10.0"
        }
      },
      "Serilog.Sinks.File": {
        "type": "CentralTransitive",
        "requested": "[5.0.0, )",
        "resolved": "5.0.0",
        "contentHash": "uwV5hdhWPwUH1szhO8PJpFiahqXmzPzJT/sOijH/kFgUx+cyoDTMM8MHD0adw9+Iem6itoibbUXHYslzXsLEAg==",
        "dependencies": {
          "Serilog": "2.10.0"
        }
      },
      "System.Memory": {
        "type": "CentralTransitive",
        "requested": "[4.5.5, )",
        "resolved": "4.5.3",
        "contentHash": "3oDzvc/zzetpTKWMShs1AADwZjQ/36HnsufHRPcOjyRAAMLDlu2iD33MBI2opxnezcVUtXyqDXXjoFMOU9c7SA=="
      },
      "System.Text.Json": {
        "type": "CentralTransitive",
        "requested": "[7.0.2, )",
        "resolved": "4.6.0",
        "contentHash": "4F8Xe+JIkVoDJ8hDAZ7HqLkjctN/6WItJIzQaifBwClC7wmoLSda/Sv2i6i1kycqDb3hWF4JCVbpAweyOKHEUA=="
      }
    }
  }
}