
Microsoft Visual Studio Solution File, Format Version 12.00
# Visual Studio Version 16
VisualStudioVersion = 16.0.28917.182
MinimumVisualStudioVersion = 15.0.26124.0
Project("{2150E333-8FDC-42A3-9474-1A3956D46DE8}") = "src", "src", "{59BB074E-5F21-4899-B887-EC2EC380E15B}"
	ProjectSection(SolutionItems) = preProject
		src\Common.psm1 = src\Common.psm1
	EndProjectSection
EndProject
Project("{2150E333-8FDC-42A3-9474-1A3956D46DE8}") = "test", "test", "{7F13BBC9-6A03-4089-A667-3FD6B80DA7F2}"
	ProjectSection(SolutionItems) = preProject
		xunit.runner.json = xunit.runner.json
	EndProjectSection
EndProject
Project("{2150E333-8FDC-42A3-9474-1A3956D46DE8}") = "build", "build", "{850BE137-AC83-46D4-88DD-603675B01188}"
	ProjectSection(SolutionItems) = preProject
		azure-pipelines.yml = azure-pipelines.yml
		build.cmd = build.cmd
		build.ps1 = build.ps1
		build.sh = build.sh
		build\core-build.ps1 = build\core-build.ps1
		build\core-build.sh = build\core-build.sh
		Directory.Build.props = Directory.Build.props
		Directory.Build.targets = Directory.Build.targets
		version.props = version.props
	EndProjectSection
EndProject
Project("{2150E333-8FDC-42A3-9474-1A3956D46DE8}") = "docs", "docs", "{F2176325-839F-489C-B34A-F8ED29AE5884}"
	ProjectSection(SolutionItems) = preProject
		README.md = README.md
	EndProjectSection
EndProject
Project("{2150E333-8FDC-42A3-9474-1A3956D46DE8}") = "Solution Items", "Solution Items", "{EE876A02-4F30-4685-8DAB-30B5A6EDBFEC}"
	ProjectSection(SolutionItems) = preProject
		.editorconfig = .editorconfig
		.gitignore = .gitignore
		global.json = global.json
		NuGet.Config = NuGet.Config
	EndProjectSection
EndProject
Project("{2150E333-8FDC-42A3-9474-1A3956D46DE8}") = "FileManager", "FileManager", "{BF92008D-741C-4BAA-B6DD-880CD7FD997C}"
EndProject
Project("{2150E333-8FDC-42A3-9474-1A3956D46DE8}") = "templates", "templates", "{DC140DC2-B80F-4583-A774-1C381B17CB2E}"
	ProjectSection(SolutionItems) = preProject
		build\templates\build.yml = build\templates\build.yml
		build\templates\job.yml = build\templates\job.yml
	EndProjectSection
EndProject
Project("{9A19103F-16F7-4668-BE54-9A1E7A4F7556}") = "Safir.Common", "src\Safir.Common\Safir.Common.csproj", "{76299605-6822-4828-8380-0D210C11A5A2}"
EndProject
Project("{2150E333-8FDC-42A3-9474-1A3956D46DE8}") = "Ui", "Ui", "{A8F35975-A156-43E3-97B8-DD8DC9467342}"
EndProject
Project("{9A19103F-16F7-4668-BE54-9A1E7A4F7556}") = "Safir.FileManager.Domain", "src\FileManager\Safir.FileManager.Domain\Safir.FileManager.Domain.csproj", "{C87F206D-E5F7-4D26-9D84-2B155839366F}"
EndProject
Project("{9A19103F-16F7-4668-BE54-9A1E7A4F7556}") = "Safir.FileManager.Infrastructure", "src\FileManager\Safir.FileManager.Infrastructure\Safir.FileManager.Infrastructure.csproj", "{EF283E3C-0471-40FC-B251-5D2B5E17F5EE}"
EndProject
Project("{9A19103F-16F7-4668-BE54-9A1E7A4F7556}") = "Safir.FileManager.Rest", "src\FileManager\Safir.FileManager.Rest\Safir.FileManager.Rest.csproj", "{E47C3371-6DF1-4D37-8157-B9EAF4C39D8A}"
EndProject
Project("{9A19103F-16F7-4668-BE54-9A1E7A4F7556}") = "Safir.FileManager.Service", "src\FileManager\Safir.FileManager.Service\Safir.FileManager.Service.csproj", "{11CB3A0B-6A85-4E3F-A7BD-889DB0FD5EEB}"
EndProject
Project("{9A19103F-16F7-4668-BE54-9A1E7A4F7556}") = "Safir.Cli", "src\Safir.Cli\Safir.Cli.csproj", "{4F241181-22D1-4225-A0EF-6C5DF9590872}"
EndProject
Project("{9A19103F-16F7-4668-BE54-9A1E7A4F7556}") = "Safir.CommandLine", "src\Safir.CommandLine\Safir.CommandLine.csproj", "{A3F099EC-A2CE-4667-B979-9A8D9FDE949E}"
EndProject
Global
	GlobalSection(SolutionConfigurationPlatforms) = preSolution
		Debug|Any CPU = Debug|Any CPU
		Debug|x64 = Debug|x64
		Debug|x86 = Debug|x86
		Release|Any CPU = Release|Any CPU
		Release|x64 = Release|x64
		Release|x86 = Release|x86
	EndGlobalSection
	GlobalSection(ProjectConfigurationPlatforms) = postSolution
		{76299605-6822-4828-8380-0D210C11A5A2}.Debug|Any CPU.ActiveCfg = Debug|Any CPU
		{76299605-6822-4828-8380-0D210C11A5A2}.Debug|Any CPU.Build.0 = Debug|Any CPU
		{76299605-6822-4828-8380-0D210C11A5A2}.Debug|x64.ActiveCfg = Debug|Any CPU
		{76299605-6822-4828-8380-0D210C11A5A2}.Debug|x64.Build.0 = Debug|Any CPU
		{76299605-6822-4828-8380-0D210C11A5A2}.Debug|x86.ActiveCfg = Debug|Any CPU
		{76299605-6822-4828-8380-0D210C11A5A2}.Debug|x86.Build.0 = Debug|Any CPU
		{76299605-6822-4828-8380-0D210C11A5A2}.Release|Any CPU.ActiveCfg = Release|Any CPU
		{76299605-6822-4828-8380-0D210C11A5A2}.Release|Any CPU.Build.0 = Release|Any CPU
		{76299605-6822-4828-8380-0D210C11A5A2}.Release|x64.ActiveCfg = Release|Any CPU
		{76299605-6822-4828-8380-0D210C11A5A2}.Release|x64.Build.0 = Release|Any CPU
		{76299605-6822-4828-8380-0D210C11A5A2}.Release|x86.ActiveCfg = Release|Any CPU
		{76299605-6822-4828-8380-0D210C11A5A2}.Release|x86.Build.0 = Release|Any CPU
		{C87F206D-E5F7-4D26-9D84-2B155839366F}.Debug|Any CPU.ActiveCfg = Debug|Any CPU
		{C87F206D-E5F7-4D26-9D84-2B155839366F}.Debug|Any CPU.Build.0 = Debug|Any CPU
		{C87F206D-E5F7-4D26-9D84-2B155839366F}.Debug|x64.ActiveCfg = Debug|Any CPU
		{C87F206D-E5F7-4D26-9D84-2B155839366F}.Debug|x64.Build.0 = Debug|Any CPU
		{C87F206D-E5F7-4D26-9D84-2B155839366F}.Debug|x86.ActiveCfg = Debug|Any CPU
		{C87F206D-E5F7-4D26-9D84-2B155839366F}.Debug|x86.Build.0 = Debug|Any CPU
		{C87F206D-E5F7-4D26-9D84-2B155839366F}.Release|Any CPU.ActiveCfg = Release|Any CPU
		{C87F206D-E5F7-4D26-9D84-2B155839366F}.Release|Any CPU.Build.0 = Release|Any CPU
		{C87F206D-E5F7-4D26-9D84-2B155839366F}.Release|x64.ActiveCfg = Release|Any CPU
		{C87F206D-E5F7-4D26-9D84-2B155839366F}.Release|x64.Build.0 = Release|Any CPU
		{C87F206D-E5F7-4D26-9D84-2B155839366F}.Release|x86.ActiveCfg = Release|Any CPU
		{C87F206D-E5F7-4D26-9D84-2B155839366F}.Release|x86.Build.0 = Release|Any CPU
		{EF283E3C-0471-40FC-B251-5D2B5E17F5EE}.Debug|Any CPU.ActiveCfg = Debug|Any CPU
		{EF283E3C-0471-40FC-B251-5D2B5E17F5EE}.Debug|Any CPU.Build.0 = Debug|Any CPU
		{EF283E3C-0471-40FC-B251-5D2B5E17F5EE}.Debug|x64.ActiveCfg = Debug|Any CPU
		{EF283E3C-0471-40FC-B251-5D2B5E17F5EE}.Debug|x64.Build.0 = Debug|Any CPU
		{EF283E3C-0471-40FC-B251-5D2B5E17F5EE}.Debug|x86.ActiveCfg = Debug|Any CPU
		{EF283E3C-0471-40FC-B251-5D2B5E17F5EE}.Debug|x86.Build.0 = Debug|Any CPU
		{EF283E3C-0471-40FC-B251-5D2B5E17F5EE}.Release|Any CPU.ActiveCfg = Release|Any CPU
		{EF283E3C-0471-40FC-B251-5D2B5E17F5EE}.Release|Any CPU.Build.0 = Release|Any CPU
		{EF283E3C-0471-40FC-B251-5D2B5E17F5EE}.Release|x64.ActiveCfg = Release|Any CPU
		{EF283E3C-0471-40FC-B251-5D2B5E17F5EE}.Release|x64.Build.0 = Release|Any CPU
		{EF283E3C-0471-40FC-B251-5D2B5E17F5EE}.Release|x86.ActiveCfg = Release|Any CPU
		{EF283E3C-0471-40FC-B251-5D2B5E17F5EE}.Release|x86.Build.0 = Release|Any CPU
		{E47C3371-6DF1-4D37-8157-B9EAF4C39D8A}.Debug|Any CPU.ActiveCfg = Debug|Any CPU
		{E47C3371-6DF1-4D37-8157-B9EAF4C39D8A}.Debug|Any CPU.Build.0 = Debug|Any CPU
		{E47C3371-6DF1-4D37-8157-B9EAF4C39D8A}.Debug|x64.ActiveCfg = Debug|Any CPU
		{E47C3371-6DF1-4D37-8157-B9EAF4C39D8A}.Debug|x64.Build.0 = Debug|Any CPU
		{E47C3371-6DF1-4D37-8157-B9EAF4C39D8A}.Debug|x86.ActiveCfg = Debug|Any CPU
		{E47C3371-6DF1-4D37-8157-B9EAF4C39D8A}.Debug|x86.Build.0 = Debug|Any CPU
		{E47C3371-6DF1-4D37-8157-B9EAF4C39D8A}.Release|Any CPU.ActiveCfg = Release|Any CPU
		{E47C3371-6DF1-4D37-8157-B9EAF4C39D8A}.Release|Any CPU.Build.0 = Release|Any CPU
		{E47C3371-6DF1-4D37-8157-B9EAF4C39D8A}.Release|x64.ActiveCfg = Release|Any CPU
		{E47C3371-6DF1-4D37-8157-B9EAF4C39D8A}.Release|x64.Build.0 = Release|Any CPU
		{E47C3371-6DF1-4D37-8157-B9EAF4C39D8A}.Release|x86.ActiveCfg = Release|Any CPU
		{E47C3371-6DF1-4D37-8157-B9EAF4C39D8A}.Release|x86.Build.0 = Release|Any CPU
		{11CB3A0B-6A85-4E3F-A7BD-889DB0FD5EEB}.Debug|Any CPU.ActiveCfg = Debug|Any CPU
		{11CB3A0B-6A85-4E3F-A7BD-889DB0FD5EEB}.Debug|Any CPU.Build.0 = Debug|Any CPU
		{11CB3A0B-6A85-4E3F-A7BD-889DB0FD5EEB}.Debug|x64.ActiveCfg = Debug|Any CPU
		{11CB3A0B-6A85-4E3F-A7BD-889DB0FD5EEB}.Debug|x64.Build.0 = Debug|Any CPU
		{11CB3A0B-6A85-4E3F-A7BD-889DB0FD5EEB}.Debug|x86.ActiveCfg = Debug|Any CPU
		{11CB3A0B-6A85-4E3F-A7BD-889DB0FD5EEB}.Debug|x86.Build.0 = Debug|Any CPU
		{11CB3A0B-6A85-4E3F-A7BD-889DB0FD5EEB}.Release|Any CPU.ActiveCfg = Release|Any CPU
		{11CB3A0B-6A85-4E3F-A7BD-889DB0FD5EEB}.Release|Any CPU.Build.0 = Release|Any CPU
		{11CB3A0B-6A85-4E3F-A7BD-889DB0FD5EEB}.Release|x64.ActiveCfg = Release|Any CPU
		{11CB3A0B-6A85-4E3F-A7BD-889DB0FD5EEB}.Release|x64.Build.0 = Release|Any CPU
		{11CB3A0B-6A85-4E3F-A7BD-889DB0FD5EEB}.Release|x86.ActiveCfg = Release|Any CPU
		{11CB3A0B-6A85-4E3F-A7BD-889DB0FD5EEB}.Release|x86.Build.0 = Release|Any CPU
		{4F241181-22D1-4225-A0EF-6C5DF9590872}.Debug|Any CPU.ActiveCfg = Debug|Any CPU
		{4F241181-22D1-4225-A0EF-6C5DF9590872}.Debug|Any CPU.Build.0 = Debug|Any CPU
		{4F241181-22D1-4225-A0EF-6C5DF9590872}.Debug|x64.ActiveCfg = Debug|Any CPU
		{4F241181-22D1-4225-A0EF-6C5DF9590872}.Debug|x64.Build.0 = Debug|Any CPU
		{4F241181-22D1-4225-A0EF-6C5DF9590872}.Debug|x86.ActiveCfg = Debug|Any CPU
		{4F241181-22D1-4225-A0EF-6C5DF9590872}.Debug|x86.Build.0 = Debug|Any CPU
		{4F241181-22D1-4225-A0EF-6C5DF9590872}.Release|Any CPU.ActiveCfg = Release|Any CPU
		{4F241181-22D1-4225-A0EF-6C5DF9590872}.Release|Any CPU.Build.0 = Release|Any CPU
		{4F241181-22D1-4225-A0EF-6C5DF9590872}.Release|x64.ActiveCfg = Release|Any CPU
		{4F241181-22D1-4225-A0EF-6C5DF9590872}.Release|x64.Build.0 = Release|Any CPU
		{4F241181-22D1-4225-A0EF-6C5DF9590872}.Release|x86.ActiveCfg = Release|Any CPU
		{4F241181-22D1-4225-A0EF-6C5DF9590872}.Release|x86.Build.0 = Release|Any CPU
		{A3F099EC-A2CE-4667-B979-9A8D9FDE949E}.Debug|Any CPU.ActiveCfg = Debug|Any CPU
		{A3F099EC-A2CE-4667-B979-9A8D9FDE949E}.Debug|Any CPU.Build.0 = Debug|Any CPU
		{A3F099EC-A2CE-4667-B979-9A8D9FDE949E}.Debug|x64.ActiveCfg = Debug|Any CPU
		{A3F099EC-A2CE-4667-B979-9A8D9FDE949E}.Debug|x64.Build.0 = Debug|Any CPU
		{A3F099EC-A2CE-4667-B979-9A8D9FDE949E}.Debug|x86.ActiveCfg = Debug|Any CPU
		{A3F099EC-A2CE-4667-B979-9A8D9FDE949E}.Debug|x86.Build.0 = Debug|Any CPU
		{A3F099EC-A2CE-4667-B979-9A8D9FDE949E}.Release|Any CPU.ActiveCfg = Release|Any CPU
		{A3F099EC-A2CE-4667-B979-9A8D9FDE949E}.Release|Any CPU.Build.0 = Release|Any CPU
		{A3F099EC-A2CE-4667-B979-9A8D9FDE949E}.Release|x64.ActiveCfg = Release|Any CPU
		{A3F099EC-A2CE-4667-B979-9A8D9FDE949E}.Release|x64.Build.0 = Release|Any CPU
		{A3F099EC-A2CE-4667-B979-9A8D9FDE949E}.Release|x86.ActiveCfg = Release|Any CPU
		{A3F099EC-A2CE-4667-B979-9A8D9FDE949E}.Release|x86.Build.0 = Release|Any CPU
	EndGlobalSection
	GlobalSection(SolutionProperties) = preSolution
		HideSolutionNode = FALSE
	EndGlobalSection
	GlobalSection(NestedProjects) = preSolution
		{BF92008D-741C-4BAA-B6DD-880CD7FD997C} = {59BB074E-5F21-4899-B887-EC2EC380E15B}
		{DC140DC2-B80F-4583-A774-1C381B17CB2E} = {850BE137-AC83-46D4-88DD-603675B01188}
		{76299605-6822-4828-8380-0D210C11A5A2} = {59BB074E-5F21-4899-B887-EC2EC380E15B}
		{A8F35975-A156-43E3-97B8-DD8DC9467342} = {59BB074E-5F21-4899-B887-EC2EC380E15B}
		{C87F206D-E5F7-4D26-9D84-2B155839366F} = {BF92008D-741C-4BAA-B6DD-880CD7FD997C}
		{EF283E3C-0471-40FC-B251-5D2B5E17F5EE} = {BF92008D-741C-4BAA-B6DD-880CD7FD997C}
		{E47C3371-6DF1-4D37-8157-B9EAF4C39D8A} = {BF92008D-741C-4BAA-B6DD-880CD7FD997C}
		{11CB3A0B-6A85-4E3F-A7BD-889DB0FD5EEB} = {BF92008D-741C-4BAA-B6DD-880CD7FD997C}
		{4F241181-22D1-4225-A0EF-6C5DF9590872} = {59BB074E-5F21-4899-B887-EC2EC380E15B}
		{A3F099EC-A2CE-4667-B979-9A8D9FDE949E} = {59BB074E-5F21-4899-B887-EC2EC380E15B}
	EndGlobalSection
	GlobalSection(ExtensibilityGlobals) = postSolution
		SolutionGuid = {62C5DE66-B646-494D-BA03-79A4C05736B1}
	EndGlobalSection
EndGlobal
