
Microsoft Visual Studio Solution File, Format Version 12.00
# Visual Studio 15
VisualStudioVersion = 15.0.26430.14
MinimumVisualStudioVersion = 10.0.40219.1
Project("{FAE04EC0-301F-11D3-BF4B-00C04F79EFBC}") = "StyleableWindow", "StyleableWindow\StyleableWindow.csproj", "{53C6471F-4BAD-45E4-B2F6-9328F3E8FF91}"
EndProject
Project("{FAE04EC0-301F-11D3-BF4B-00C04F79EFBC}") = "Safir.Manager", "Safir.Manager\Safir.Manager.csproj", "{013E0B16-5C21-45CA-B9BB-DA038177531D}"
EndProject
Project("{FAE04EC0-301F-11D3-BF4B-00C04F79EFBC}") = "Safir.Core", "Safir.Core\Safir.Core.csproj", "{9921F211-81A6-472A-9BDA-E4295C606390}"
EndProject
Project("{FAE04EC0-301F-11D3-BF4B-00C04F79EFBC}") = "SafirV1", "SafirV1\SafirV1.csproj", "{60865086-86E4-4906-99D0-14FFC96049B6}"
EndProject
Project("{FAE04EC0-301F-11D3-BF4B-00C04F79EFBC}") = "SafirV2", "SafirV2\SafirV2.csproj", "{4E179FC9-0AF7-4584-A7AB-3AF426AC68B4}"
EndProject
Project("{FAE04EC0-301F-11D3-BF4B-00C04F79EFBC}") = "Safir.Data", "Safir.Data\Safir.Data.csproj", "{B244EEEE-E88D-4C96-B321-139168BF9928}"
EndProject
Project("{FAE04EC0-301F-11D3-BF4B-00C04F79EFBC}") = "Safir.WebClient", "Safir.WebClient\Safir.WebClient.csproj", "{8C5CF695-073B-4A17-AC91-1AF48521EEB0}"
EndProject
Project("{FAE04EC0-301F-11D3-BF4B-00C04F79EFBC}") = "Safir", "Safir\Safir.csproj", "{A70D8B1A-E921-40DC-881E-24E3C92B9E5C}"
EndProject
Project("{FAE04EC0-301F-11D3-BF4B-00C04F79EFBC}") = "Safir.Core.Tests", "Safir.Core.Tests\Safir.Core.Tests.csproj", "{6A32735C-7448-4BC3-86FD-98F7748D711B}"
EndProject
Project("{FAE04EC0-301F-11D3-BF4B-00C04F79EFBC}") = "Safir.Data.Tests", "Safir.Data.Tests\Safir.Data.Tests.csproj", "{10DEE485-D435-40E4-A0FD-7AACE55C6020}"
EndProject
Project("{FAE04EC0-301F-11D3-BF4B-00C04F79EFBC}") = "Safir.Tests", "Safir.Tests\Safir.Tests.csproj", "{92D55503-9C45-479A-9501-65725A23F164}"
EndProject
Project("{FAE04EC0-301F-11D3-BF4B-00C04F79EFBC}") = "Safir.Manager.Tests", "Safir.Manager.Tests\Safir.Manager.Tests.csproj", "{ABDF8C15-34EF-4395-96B6-C8D59526F335}"
EndProject
Global
	GlobalSection(SolutionConfigurationPlatforms) = preSolution
		Debug|Any CPU = Debug|Any CPU
		Debug|x86 = Debug|x86
		Release|Any CPU = Release|Any CPU
		Release|x86 = Release|x86
	EndGlobalSection
	GlobalSection(ProjectConfigurationPlatforms) = postSolution
		{53C6471F-4BAD-45E4-B2F6-9328F3E8FF91}.Debug|Any CPU.ActiveCfg = Debug|Any CPU
		{53C6471F-4BAD-45E4-B2F6-9328F3E8FF91}.Debug|Any CPU.Build.0 = Debug|Any CPU
		{53C6471F-4BAD-45E4-B2F6-9328F3E8FF91}.Debug|x86.ActiveCfg = Debug|Any CPU
		{53C6471F-4BAD-45E4-B2F6-9328F3E8FF91}.Debug|x86.Build.0 = Debug|Any CPU
		{53C6471F-4BAD-45E4-B2F6-9328F3E8FF91}.Release|Any CPU.ActiveCfg = Release|Any CPU
		{53C6471F-4BAD-45E4-B2F6-9328F3E8FF91}.Release|Any CPU.Build.0 = Release|Any CPU
		{53C6471F-4BAD-45E4-B2F6-9328F3E8FF91}.Release|x86.ActiveCfg = Release|Any CPU
		{53C6471F-4BAD-45E4-B2F6-9328F3E8FF91}.Release|x86.Build.0 = Release|Any CPU
		{013E0B16-5C21-45CA-B9BB-DA038177531D}.Debug|Any CPU.ActiveCfg = Debug|Any CPU
		{013E0B16-5C21-45CA-B9BB-DA038177531D}.Debug|Any CPU.Build.0 = Debug|Any CPU
		{013E0B16-5C21-45CA-B9BB-DA038177531D}.Debug|x86.ActiveCfg = Debug|Any CPU
		{013E0B16-5C21-45CA-B9BB-DA038177531D}.Debug|x86.Build.0 = Debug|Any CPU
		{013E0B16-5C21-45CA-B9BB-DA038177531D}.Release|Any CPU.ActiveCfg = Release|Any CPU
		{013E0B16-5C21-45CA-B9BB-DA038177531D}.Release|Any CPU.Build.0 = Release|Any CPU
		{013E0B16-5C21-45CA-B9BB-DA038177531D}.Release|x86.ActiveCfg = Release|Any CPU
		{013E0B16-5C21-45CA-B9BB-DA038177531D}.Release|x86.Build.0 = Release|Any CPU
		{9921F211-81A6-472A-9BDA-E4295C606390}.Debug|Any CPU.ActiveCfg = Debug|Any CPU
		{9921F211-81A6-472A-9BDA-E4295C606390}.Debug|Any CPU.Build.0 = Debug|Any CPU
		{9921F211-81A6-472A-9BDA-E4295C606390}.Debug|x86.ActiveCfg = Debug|Any CPU
		{9921F211-81A6-472A-9BDA-E4295C606390}.Debug|x86.Build.0 = Debug|Any CPU
		{9921F211-81A6-472A-9BDA-E4295C606390}.Release|Any CPU.ActiveCfg = Release|Any CPU
		{9921F211-81A6-472A-9BDA-E4295C606390}.Release|Any CPU.Build.0 = Release|Any CPU
		{9921F211-81A6-472A-9BDA-E4295C606390}.Release|x86.ActiveCfg = Release|Any CPU
		{9921F211-81A6-472A-9BDA-E4295C606390}.Release|x86.Build.0 = Release|Any CPU
		{60865086-86E4-4906-99D0-14FFC96049B6}.Debug|Any CPU.ActiveCfg = Debug|Any CPU
		{60865086-86E4-4906-99D0-14FFC96049B6}.Debug|Any CPU.Build.0 = Debug|Any CPU
		{60865086-86E4-4906-99D0-14FFC96049B6}.Debug|x86.ActiveCfg = Debug|Any CPU
		{60865086-86E4-4906-99D0-14FFC96049B6}.Debug|x86.Build.0 = Debug|Any CPU
		{60865086-86E4-4906-99D0-14FFC96049B6}.Release|Any CPU.ActiveCfg = Release|Any CPU
		{60865086-86E4-4906-99D0-14FFC96049B6}.Release|Any CPU.Build.0 = Release|Any CPU
		{60865086-86E4-4906-99D0-14FFC96049B6}.Release|x86.ActiveCfg = Release|Any CPU
		{60865086-86E4-4906-99D0-14FFC96049B6}.Release|x86.Build.0 = Release|Any CPU
		{4E179FC9-0AF7-4584-A7AB-3AF426AC68B4}.Debug|Any CPU.ActiveCfg = Debug|Any CPU
		{4E179FC9-0AF7-4584-A7AB-3AF426AC68B4}.Debug|Any CPU.Build.0 = Debug|Any CPU
		{4E179FC9-0AF7-4584-A7AB-3AF426AC68B4}.Debug|x86.ActiveCfg = Debug|Any CPU
		{4E179FC9-0AF7-4584-A7AB-3AF426AC68B4}.Debug|x86.Build.0 = Debug|Any CPU
		{4E179FC9-0AF7-4584-A7AB-3AF426AC68B4}.Release|Any CPU.ActiveCfg = Release|Any CPU
		{4E179FC9-0AF7-4584-A7AB-3AF426AC68B4}.Release|Any CPU.Build.0 = Release|Any CPU
		{4E179FC9-0AF7-4584-A7AB-3AF426AC68B4}.Release|x86.ActiveCfg = Release|Any CPU
		{4E179FC9-0AF7-4584-A7AB-3AF426AC68B4}.Release|x86.Build.0 = Release|Any CPU
		{B244EEEE-E88D-4C96-B321-139168BF9928}.Debug|Any CPU.ActiveCfg = Debug|Any CPU
		{B244EEEE-E88D-4C96-B321-139168BF9928}.Debug|Any CPU.Build.0 = Debug|Any CPU
		{B244EEEE-E88D-4C96-B321-139168BF9928}.Debug|x86.ActiveCfg = Debug|Any CPU
		{B244EEEE-E88D-4C96-B321-139168BF9928}.Debug|x86.Build.0 = Debug|Any CPU
		{B244EEEE-E88D-4C96-B321-139168BF9928}.Release|Any CPU.ActiveCfg = Release|Any CPU
		{B244EEEE-E88D-4C96-B321-139168BF9928}.Release|Any CPU.Build.0 = Release|Any CPU
		{B244EEEE-E88D-4C96-B321-139168BF9928}.Release|x86.ActiveCfg = Release|Any CPU
		{B244EEEE-E88D-4C96-B321-139168BF9928}.Release|x86.Build.0 = Release|Any CPU
		{8C5CF695-073B-4A17-AC91-1AF48521EEB0}.Debug|Any CPU.ActiveCfg = Debug|Any CPU
		{8C5CF695-073B-4A17-AC91-1AF48521EEB0}.Debug|Any CPU.Build.0 = Debug|Any CPU
		{8C5CF695-073B-4A17-AC91-1AF48521EEB0}.Debug|x86.ActiveCfg = Debug|Any CPU
		{8C5CF695-073B-4A17-AC91-1AF48521EEB0}.Debug|x86.Build.0 = Debug|Any CPU
		{8C5CF695-073B-4A17-AC91-1AF48521EEB0}.Release|Any CPU.ActiveCfg = Release|Any CPU
		{8C5CF695-073B-4A17-AC91-1AF48521EEB0}.Release|Any CPU.Build.0 = Release|Any CPU
		{8C5CF695-073B-4A17-AC91-1AF48521EEB0}.Release|x86.ActiveCfg = Release|Any CPU
		{8C5CF695-073B-4A17-AC91-1AF48521EEB0}.Release|x86.Build.0 = Release|Any CPU
		{A70D8B1A-E921-40DC-881E-24E3C92B9E5C}.Debug|Any CPU.ActiveCfg = Debug|Any CPU
		{A70D8B1A-E921-40DC-881E-24E3C92B9E5C}.Debug|Any CPU.Build.0 = Debug|Any CPU
		{A70D8B1A-E921-40DC-881E-24E3C92B9E5C}.Debug|x86.ActiveCfg = Debug|Any CPU
		{A70D8B1A-E921-40DC-881E-24E3C92B9E5C}.Debug|x86.Build.0 = Debug|Any CPU
		{A70D8B1A-E921-40DC-881E-24E3C92B9E5C}.Release|Any CPU.ActiveCfg = Release|Any CPU
		{A70D8B1A-E921-40DC-881E-24E3C92B9E5C}.Release|Any CPU.Build.0 = Release|Any CPU
		{A70D8B1A-E921-40DC-881E-24E3C92B9E5C}.Release|x86.ActiveCfg = Release|Any CPU
		{A70D8B1A-E921-40DC-881E-24E3C92B9E5C}.Release|x86.Build.0 = Release|Any CPU
		{6A32735C-7448-4BC3-86FD-98F7748D711B}.Debug|Any CPU.ActiveCfg = Debug|Any CPU
		{6A32735C-7448-4BC3-86FD-98F7748D711B}.Debug|Any CPU.Build.0 = Debug|Any CPU
		{6A32735C-7448-4BC3-86FD-98F7748D711B}.Debug|x86.ActiveCfg = Debug|Any CPU
		{6A32735C-7448-4BC3-86FD-98F7748D711B}.Debug|x86.Build.0 = Debug|Any CPU
		{6A32735C-7448-4BC3-86FD-98F7748D711B}.Release|Any CPU.ActiveCfg = Release|Any CPU
		{6A32735C-7448-4BC3-86FD-98F7748D711B}.Release|Any CPU.Build.0 = Release|Any CPU
		{6A32735C-7448-4BC3-86FD-98F7748D711B}.Release|x86.ActiveCfg = Release|Any CPU
		{6A32735C-7448-4BC3-86FD-98F7748D711B}.Release|x86.Build.0 = Release|Any CPU
		{10DEE485-D435-40E4-A0FD-7AACE55C6020}.Debug|Any CPU.ActiveCfg = Debug|Any CPU
		{10DEE485-D435-40E4-A0FD-7AACE55C6020}.Debug|Any CPU.Build.0 = Debug|Any CPU
		{10DEE485-D435-40E4-A0FD-7AACE55C6020}.Debug|x86.ActiveCfg = Debug|Any CPU
		{10DEE485-D435-40E4-A0FD-7AACE55C6020}.Debug|x86.Build.0 = Debug|Any CPU
		{10DEE485-D435-40E4-A0FD-7AACE55C6020}.Release|Any CPU.ActiveCfg = Release|Any CPU
		{10DEE485-D435-40E4-A0FD-7AACE55C6020}.Release|Any CPU.Build.0 = Release|Any CPU
		{10DEE485-D435-40E4-A0FD-7AACE55C6020}.Release|x86.ActiveCfg = Release|Any CPU
		{10DEE485-D435-40E4-A0FD-7AACE55C6020}.Release|x86.Build.0 = Release|Any CPU
		{92D55503-9C45-479A-9501-65725A23F164}.Debug|Any CPU.ActiveCfg = Debug|Any CPU
		{92D55503-9C45-479A-9501-65725A23F164}.Debug|Any CPU.Build.0 = Debug|Any CPU
		{92D55503-9C45-479A-9501-65725A23F164}.Debug|x86.ActiveCfg = Debug|Any CPU
		{92D55503-9C45-479A-9501-65725A23F164}.Debug|x86.Build.0 = Debug|Any CPU
		{92D55503-9C45-479A-9501-65725A23F164}.Release|Any CPU.ActiveCfg = Release|Any CPU
		{92D55503-9C45-479A-9501-65725A23F164}.Release|Any CPU.Build.0 = Release|Any CPU
		{92D55503-9C45-479A-9501-65725A23F164}.Release|x86.ActiveCfg = Release|Any CPU
		{92D55503-9C45-479A-9501-65725A23F164}.Release|x86.Build.0 = Release|Any CPU
		{ABDF8C15-34EF-4395-96B6-C8D59526F335}.Debug|Any CPU.ActiveCfg = Debug|Any CPU
		{ABDF8C15-34EF-4395-96B6-C8D59526F335}.Debug|Any CPU.Build.0 = Debug|Any CPU
		{ABDF8C15-34EF-4395-96B6-C8D59526F335}.Debug|x86.ActiveCfg = Debug|Any CPU
		{ABDF8C15-34EF-4395-96B6-C8D59526F335}.Debug|x86.Build.0 = Debug|Any CPU
		{ABDF8C15-34EF-4395-96B6-C8D59526F335}.Release|Any CPU.ActiveCfg = Release|Any CPU
		{ABDF8C15-34EF-4395-96B6-C8D59526F335}.Release|Any CPU.Build.0 = Release|Any CPU
		{ABDF8C15-34EF-4395-96B6-C8D59526F335}.Release|x86.ActiveCfg = Release|Any CPU
		{ABDF8C15-34EF-4395-96B6-C8D59526F335}.Release|x86.Build.0 = Release|Any CPU
	EndGlobalSection
	GlobalSection(SolutionProperties) = preSolution
		HideSolutionNode = FALSE
	EndGlobalSection
EndGlobal
