
Microsoft Visual Studio Solution File, Format Version 12.00
# Visual Studio Version 16
VisualStudioVersion = 16.6.30114.105
MinimumVisualStudioVersion = 10.0.40219.1
Project("{2150E333-8FDC-42A3-9474-1A3956D46DE8}") = "test", "test", "{632818CB-3301-411C-877B-0F8B21AC773A}"
ProjectSection(SolutionItems) = preProject
	test\Directory.Build.props = test\Directory.Build.props
	test\xunit.runner.json = test\xunit.runner.json
EndProjectSection
EndProject
Project("{FAE04EC0-301F-11D3-BF4B-00C04F79EFBC}") = "Safir.Agent.Tests", "test\Safir.Agent.Tests\Safir.Agent.Tests.csproj", "{34A38B08-16ED-4C22-A6B7-EAFC60846012}"
EndProject
Project("{2150E333-8FDC-42A3-9474-1A3956D46DE8}") = "src", "src", "{34A85B9D-A7B8-42E1-AA95-D2C977D4C954}"
EndProject
Project("{FAE04EC0-301F-11D3-BF4B-00C04F79EFBC}") = "Safir.Agent", "src\Safir.Agent\Safir.Agent.csproj", "{70AD3969-5EFD-46EA-B762-791A3A6F5A00}"
EndProject
Project("{FAE04EC0-301F-11D3-BF4B-00C04F79EFBC}") = "Safir.Agent.Client", "src\Safir.Agent.Client\Safir.Agent.Client.csproj", "{98BE40BA-5E2C-487C-8B9F-D6BC03F23E34}"
EndProject
Project("{2150E333-8FDC-42A3-9474-1A3956D46DE8}") = ".github", ".github", "{2404A7E6-574A-44F2-8C83-A9EB4B837962}"
ProjectSection(SolutionItems) = preProject
	.github\dependabot.yml = .github\dependabot.yml
EndProjectSection
EndProject
Project("{2150E333-8FDC-42A3-9474-1A3956D46DE8}") = ".vscode", ".vscode", "{3782019D-68FB-43A1-A89D-83059684FEA1}"
ProjectSection(SolutionItems) = preProject
	.vscode\launch.json = .vscode\launch.json
	.vscode\tasks.json = .vscode\tasks.json
EndProjectSection
EndProject
Project("{2150E333-8FDC-42A3-9474-1A3956D46DE8}") = "build", "build", "{61F30D70-06F4-4008-BF74-7816C16C6502}"
ProjectSection(SolutionItems) = preProject
	global.json = global.json
	NuGet.Config = NuGet.Config
	Directory.Build.props = Directory.Build.props
EndProjectSection
EndProject
Project("{2150E333-8FDC-42A3-9474-1A3956D46DE8}") = "workflows", "workflows", "{5E1FC754-B835-47D8-8524-4691A6012201}"
ProjectSection(SolutionItems) = preProject
	.github\workflows\docker_publish.yml = .github\workflows\docker_publish.yml
	.github\workflows\pull_request.yml = .github\workflows\pull_request.yml
	.github\workflows\package_publish.yml = .github\workflows\package_publish.yml
EndProjectSection
EndProject
Global
	GlobalSection(SolutionConfigurationPlatforms) = preSolution
		Debug|Any CPU = Debug|Any CPU
		Debug|x64 = Debug|x64
		Debug|x86 = Debug|x86
		Release|Any CPU = Release|Any CPU
		Release|x64 = Release|x64
		Release|x86 = Release|x86
	EndGlobalSection
	GlobalSection(SolutionProperties) = preSolution
		HideSolutionNode = FALSE
	EndGlobalSection
	GlobalSection(ProjectConfigurationPlatforms) = postSolution
		{34A38B08-16ED-4C22-A6B7-EAFC60846012}.Debug|Any CPU.ActiveCfg = Debug|Any CPU
		{34A38B08-16ED-4C22-A6B7-EAFC60846012}.Debug|Any CPU.Build.0 = Debug|Any CPU
		{34A38B08-16ED-4C22-A6B7-EAFC60846012}.Debug|x64.ActiveCfg = Debug|Any CPU
		{34A38B08-16ED-4C22-A6B7-EAFC60846012}.Debug|x64.Build.0 = Debug|Any CPU
		{34A38B08-16ED-4C22-A6B7-EAFC60846012}.Debug|x86.ActiveCfg = Debug|Any CPU
		{34A38B08-16ED-4C22-A6B7-EAFC60846012}.Debug|x86.Build.0 = Debug|Any CPU
		{34A38B08-16ED-4C22-A6B7-EAFC60846012}.Release|Any CPU.ActiveCfg = Release|Any CPU
		{34A38B08-16ED-4C22-A6B7-EAFC60846012}.Release|Any CPU.Build.0 = Release|Any CPU
		{34A38B08-16ED-4C22-A6B7-EAFC60846012}.Release|x64.ActiveCfg = Release|Any CPU
		{34A38B08-16ED-4C22-A6B7-EAFC60846012}.Release|x64.Build.0 = Release|Any CPU
		{34A38B08-16ED-4C22-A6B7-EAFC60846012}.Release|x86.ActiveCfg = Release|Any CPU
		{34A38B08-16ED-4C22-A6B7-EAFC60846012}.Release|x86.Build.0 = Release|Any CPU
		{70AD3969-5EFD-46EA-B762-791A3A6F5A00}.Debug|Any CPU.ActiveCfg = Debug|Any CPU
		{70AD3969-5EFD-46EA-B762-791A3A6F5A00}.Debug|Any CPU.Build.0 = Debug|Any CPU
		{70AD3969-5EFD-46EA-B762-791A3A6F5A00}.Debug|x64.ActiveCfg = Debug|Any CPU
		{70AD3969-5EFD-46EA-B762-791A3A6F5A00}.Debug|x64.Build.0 = Debug|Any CPU
		{70AD3969-5EFD-46EA-B762-791A3A6F5A00}.Debug|x86.ActiveCfg = Debug|Any CPU
		{70AD3969-5EFD-46EA-B762-791A3A6F5A00}.Debug|x86.Build.0 = Debug|Any CPU
		{70AD3969-5EFD-46EA-B762-791A3A6F5A00}.Release|Any CPU.ActiveCfg = Release|Any CPU
		{70AD3969-5EFD-46EA-B762-791A3A6F5A00}.Release|Any CPU.Build.0 = Release|Any CPU
		{70AD3969-5EFD-46EA-B762-791A3A6F5A00}.Release|x64.ActiveCfg = Release|Any CPU
		{70AD3969-5EFD-46EA-B762-791A3A6F5A00}.Release|x64.Build.0 = Release|Any CPU
		{70AD3969-5EFD-46EA-B762-791A3A6F5A00}.Release|x86.ActiveCfg = Release|Any CPU
		{70AD3969-5EFD-46EA-B762-791A3A6F5A00}.Release|x86.Build.0 = Release|Any CPU
		{98BE40BA-5E2C-487C-8B9F-D6BC03F23E34}.Debug|Any CPU.ActiveCfg = Debug|Any CPU
		{98BE40BA-5E2C-487C-8B9F-D6BC03F23E34}.Debug|Any CPU.Build.0 = Debug|Any CPU
		{98BE40BA-5E2C-487C-8B9F-D6BC03F23E34}.Debug|x64.ActiveCfg = Debug|Any CPU
		{98BE40BA-5E2C-487C-8B9F-D6BC03F23E34}.Debug|x64.Build.0 = Debug|Any CPU
		{98BE40BA-5E2C-487C-8B9F-D6BC03F23E34}.Debug|x86.ActiveCfg = Debug|Any CPU
		{98BE40BA-5E2C-487C-8B9F-D6BC03F23E34}.Debug|x86.Build.0 = Debug|Any CPU
		{98BE40BA-5E2C-487C-8B9F-D6BC03F23E34}.Release|Any CPU.ActiveCfg = Release|Any CPU
		{98BE40BA-5E2C-487C-8B9F-D6BC03F23E34}.Release|Any CPU.Build.0 = Release|Any CPU
		{98BE40BA-5E2C-487C-8B9F-D6BC03F23E34}.Release|x64.ActiveCfg = Release|Any CPU
		{98BE40BA-5E2C-487C-8B9F-D6BC03F23E34}.Release|x64.Build.0 = Release|Any CPU
		{98BE40BA-5E2C-487C-8B9F-D6BC03F23E34}.Release|x86.ActiveCfg = Release|Any CPU
		{98BE40BA-5E2C-487C-8B9F-D6BC03F23E34}.Release|x86.Build.0 = Release|Any CPU
	EndGlobalSection
	GlobalSection(NestedProjects) = preSolution
		{34A38B08-16ED-4C22-A6B7-EAFC60846012} = {632818CB-3301-411C-877B-0F8B21AC773A}
		{70AD3969-5EFD-46EA-B762-791A3A6F5A00} = {34A85B9D-A7B8-42E1-AA95-D2C977D4C954}
		{98BE40BA-5E2C-487C-8B9F-D6BC03F23E34} = {34A85B9D-A7B8-42E1-AA95-D2C977D4C954}
		{5E1FC754-B835-47D8-8524-4691A6012201} = {2404A7E6-574A-44F2-8C83-A9EB4B837962}
	EndGlobalSection
EndGlobal
