
Microsoft Visual Studio Solution File, Format Version 12.00
# Visual Studio Version 16
VisualStudioVersion = 16.6.30114.105
MinimumVisualStudioVersion = 10.0.40219.1
Project("{2150E333-8FDC-42A3-9474-1A3956D46DE8}") = "src", "src", "{CC75D772-3E67-4095-9351-DCD6EEF144AD}"
ProjectSection(SolutionItems) = preProject
	src\Directory.Build.props = src\Directory.Build.props
EndProjectSection
EndProject
Project("{2150E333-8FDC-42A3-9474-1A3956D46DE8}") = "test", "test", "{3915209A-D60D-48CA-BEBF-AF19F3F594ED}"
ProjectSection(SolutionItems) = preProject
	test\Directory.Build.props = test\Directory.Build.props
EndProjectSection
EndProject
Project("{FAE04EC0-301F-11D3-BF4B-00C04F79EFBC}") = "Safir.Common", "src\Safir.Common\Safir.Common.csproj", "{7D9BBDAA-9C15-43A3-BC29-398C5FAB527B}"
EndProject
Project("{FAE04EC0-301F-11D3-BF4B-00C04F79EFBC}") = "Safir.Messaging", "src\Safir.Messaging\Safir.Messaging.csproj", "{5B2388CD-B0AA-45FF-BDD9-0CA27F434849}"
EndProject
Project("{FAE04EC0-301F-11D3-BF4B-00C04F79EFBC}") = "Safir.Common.Tests", "test\Safir.Common.Tests\Safir.Common.Tests.csproj", "{8AB4D136-AF5D-4ADB-B84F-9080110DFB77}"
EndProject
Project("{FAE04EC0-301F-11D3-BF4B-00C04F79EFBC}") = "Safir.Messaging.Tests", "test\Safir.Messaging.Tests\Safir.Messaging.Tests.csproj", "{DE31EFB7-D127-47C0-A789-BA239E4E3BD5}"
EndProject
Project("{FAE04EC0-301F-11D3-BF4B-00C04F79EFBC}") = "Safir.Messaging.Abstractions", "src\Safir.Messaging.Abstractions\Safir.Messaging.Abstractions.csproj", "{7F3F5D97-C50A-4400-8613-959642D975D0}"
EndProject
Project("{FAE04EC0-301F-11D3-BF4B-00C04F79EFBC}") = "Safir.Protos", "src\Safir.Protos\Safir.Protos.csproj", "{C185D0F8-5981-41DF-8C5C-A65FA7209E84}"
EndProject
Project("{FAE04EC0-301F-11D3-BF4B-00C04F79EFBC}") = "Safir.Messaging.MediatR", "src\Safir.Messaging.MediatR\Safir.Messaging.MediatR.csproj", "{CF273833-F4EC-4FF3-BDFC-4B08EDC16EE5}"
EndProject
Project("{FAE04EC0-301F-11D3-BF4B-00C04F79EFBC}") = "Safir.Common.Abstractions", "src\Safir.Common.Abstractions\Safir.Common.Abstractions.csproj", "{7603EF56-DECE-46E9-9AB3-6E2ADC6BEE39}"
EndProject
Project("{FAE04EC0-301F-11D3-BF4B-00C04F79EFBC}") = "Safir.Redis", "src\Safir.Redis\Safir.Redis.csproj", "{3A137772-8492-487A-9069-CE03F7FD7D98}"
EndProject
Project("{FAE04EC0-301F-11D3-BF4B-00C04F79EFBC}") = "Safir.Messaging.MediatR.Tests", "test\Safir.Messaging.MediatR.Tests\Safir.Messaging.MediatR.Tests.csproj", "{E43F39EB-BE9D-4E8B-9D8C-4DAD7DCA7D93}"
EndProject
Project("{FAE04EC0-301F-11D3-BF4B-00C04F79EFBC}") = "Safir.EventSourcing", "src\Safir.EventSourcing\Safir.EventSourcing.csproj", "{39FE1211-865F-49DF-8954-352DEFAC79B1}"
EndProject
Project("{FAE04EC0-301F-11D3-BF4B-00C04F79EFBC}") = "Safir.EventSourcing.Abstractions", "src\Safir.EventSourcing.Abstractions\Safir.EventSourcing.Abstractions.csproj", "{EC167E72-5BE2-43F9-9CF5-268EA75F0249}"
EndProject
Project("{FAE04EC0-301F-11D3-BF4B-00C04F79EFBC}") = "Safir.EventSourcing.EntityFrameworkCore", "src\Safir.EventSourcing.EntityFrameworkCore\Safir.EventSourcing.EntityFrameworkCore.csproj", "{C6EC91DB-91E5-4B93-BC28-7145B5A3FADE}"
EndProject
Project("{FAE04EC0-301F-11D3-BF4B-00C04F79EFBC}") = "Safir.EventSourcing.Tests", "test\Safir.EventSourcing.Tests\Safir.EventSourcing.Tests.csproj", "{72C35D91-4AE8-4A06-8FAF-F621A943D4FA}"
EndProject
Project("{FAE04EC0-301F-11D3-BF4B-00C04F79EFBC}") = "Safir.EventSourcing.EntityFrameworkCore.Tests", "test\Safir.EventSourcing.EntityFrameworkCore.Tests\Safir.EventSourcing.EntityFrameworkCore.Tests.csproj", "{9E52A453-0F4C-4D2E-9CE9-73661F97DEFE}"
EndProject
Project("{FAE04EC0-301F-11D3-BF4B-00C04F79EFBC}") = "Safir.Serialization.Protobuf", "src\Safir.Serialization.Protobuf\Safir.Serialization.Protobuf.csproj", "{EB2866CE-A6C9-4654-9D92-292CE913A2CA}"
EndProject
Project("{FAE04EC0-301F-11D3-BF4B-00C04F79EFBC}") = "Safir.Grpc", "src\Safir.Grpc\Safir.Grpc.csproj", "{F2E84DA2-EDC9-4DF7-97C2-8095199961A6}"
EndProject
Global
	GlobalSection(SolutionConfigurationPlatforms) = preSolution
		Debug|Any CPU = Debug|Any CPU
		Debug|x64 = Debug|x64
		Debug|x86 = Debug|x86
		Release|Any CPU = Release|Any CPU
		Release|x64 = Release|x64
		Release|x86 = Release|x86
	EndGlobalSection
	GlobalSection(SolutionProperties) = preSolution
		HideSolutionNode = FALSE
	EndGlobalSection
	GlobalSection(ProjectConfigurationPlatforms) = postSolution
		{7D9BBDAA-9C15-43A3-BC29-398C5FAB527B}.Debug|Any CPU.ActiveCfg = Debug|Any CPU
		{7D9BBDAA-9C15-43A3-BC29-398C5FAB527B}.Debug|Any CPU.Build.0 = Debug|Any CPU
		{7D9BBDAA-9C15-43A3-BC29-398C5FAB527B}.Debug|x64.ActiveCfg = Debug|Any CPU
		{7D9BBDAA-9C15-43A3-BC29-398C5FAB527B}.Debug|x64.Build.0 = Debug|Any CPU
		{7D9BBDAA-9C15-43A3-BC29-398C5FAB527B}.Debug|x86.ActiveCfg = Debug|Any CPU
		{7D9BBDAA-9C15-43A3-BC29-398C5FAB527B}.Debug|x86.Build.0 = Debug|Any CPU
		{7D9BBDAA-9C15-43A3-BC29-398C5FAB527B}.Release|Any CPU.ActiveCfg = Release|Any CPU
		{7D9BBDAA-9C15-43A3-BC29-398C5FAB527B}.Release|Any CPU.Build.0 = Release|Any CPU
		{7D9BBDAA-9C15-43A3-BC29-398C5FAB527B}.Release|x64.ActiveCfg = Release|Any CPU
		{7D9BBDAA-9C15-43A3-BC29-398C5FAB527B}.Release|x64.Build.0 = Release|Any CPU
		{7D9BBDAA-9C15-43A3-BC29-398C5FAB527B}.Release|x86.ActiveCfg = Release|Any CPU
		{7D9BBDAA-9C15-43A3-BC29-398C5FAB527B}.Release|x86.Build.0 = Release|Any CPU
		{5B2388CD-B0AA-45FF-BDD9-0CA27F434849}.Debug|Any CPU.ActiveCfg = Debug|Any CPU
		{5B2388CD-B0AA-45FF-BDD9-0CA27F434849}.Debug|Any CPU.Build.0 = Debug|Any CPU
		{5B2388CD-B0AA-45FF-BDD9-0CA27F434849}.Debug|x64.ActiveCfg = Debug|Any CPU
		{5B2388CD-B0AA-45FF-BDD9-0CA27F434849}.Debug|x64.Build.0 = Debug|Any CPU
		{5B2388CD-B0AA-45FF-BDD9-0CA27F434849}.Debug|x86.ActiveCfg = Debug|Any CPU
		{5B2388CD-B0AA-45FF-BDD9-0CA27F434849}.Debug|x86.Build.0 = Debug|Any CPU
		{5B2388CD-B0AA-45FF-BDD9-0CA27F434849}.Release|Any CPU.ActiveCfg = Release|Any CPU
		{5B2388CD-B0AA-45FF-BDD9-0CA27F434849}.Release|Any CPU.Build.0 = Release|Any CPU
		{5B2388CD-B0AA-45FF-BDD9-0CA27F434849}.Release|x64.ActiveCfg = Release|Any CPU
		{5B2388CD-B0AA-45FF-BDD9-0CA27F434849}.Release|x64.Build.0 = Release|Any CPU
		{5B2388CD-B0AA-45FF-BDD9-0CA27F434849}.Release|x86.ActiveCfg = Release|Any CPU
		{5B2388CD-B0AA-45FF-BDD9-0CA27F434849}.Release|x86.Build.0 = Release|Any CPU
		{8AB4D136-AF5D-4ADB-B84F-9080110DFB77}.Debug|Any CPU.ActiveCfg = Debug|Any CPU
		{8AB4D136-AF5D-4ADB-B84F-9080110DFB77}.Debug|Any CPU.Build.0 = Debug|Any CPU
		{8AB4D136-AF5D-4ADB-B84F-9080110DFB77}.Debug|x64.ActiveCfg = Debug|Any CPU
		{8AB4D136-AF5D-4ADB-B84F-9080110DFB77}.Debug|x64.Build.0 = Debug|Any CPU
		{8AB4D136-AF5D-4ADB-B84F-9080110DFB77}.Debug|x86.ActiveCfg = Debug|Any CPU
		{8AB4D136-AF5D-4ADB-B84F-9080110DFB77}.Debug|x86.Build.0 = Debug|Any CPU
		{8AB4D136-AF5D-4ADB-B84F-9080110DFB77}.Release|Any CPU.ActiveCfg = Release|Any CPU
		{8AB4D136-AF5D-4ADB-B84F-9080110DFB77}.Release|Any CPU.Build.0 = Release|Any CPU
		{8AB4D136-AF5D-4ADB-B84F-9080110DFB77}.Release|x64.ActiveCfg = Release|Any CPU
		{8AB4D136-AF5D-4ADB-B84F-9080110DFB77}.Release|x64.Build.0 = Release|Any CPU
		{8AB4D136-AF5D-4ADB-B84F-9080110DFB77}.Release|x86.ActiveCfg = Release|Any CPU
		{8AB4D136-AF5D-4ADB-B84F-9080110DFB77}.Release|x86.Build.0 = Release|Any CPU
		{DE31EFB7-D127-47C0-A789-BA239E4E3BD5}.Debug|Any CPU.ActiveCfg = Debug|Any CPU
		{DE31EFB7-D127-47C0-A789-BA239E4E3BD5}.Debug|Any CPU.Build.0 = Debug|Any CPU
		{DE31EFB7-D127-47C0-A789-BA239E4E3BD5}.Debug|x64.ActiveCfg = Debug|Any CPU
		{DE31EFB7-D127-47C0-A789-BA239E4E3BD5}.Debug|x64.Build.0 = Debug|Any CPU
		{DE31EFB7-D127-47C0-A789-BA239E4E3BD5}.Debug|x86.ActiveCfg = Debug|Any CPU
		{DE31EFB7-D127-47C0-A789-BA239E4E3BD5}.Debug|x86.Build.0 = Debug|Any CPU
		{DE31EFB7-D127-47C0-A789-BA239E4E3BD5}.Release|Any CPU.ActiveCfg = Release|Any CPU
		{DE31EFB7-D127-47C0-A789-BA239E4E3BD5}.Release|Any CPU.Build.0 = Release|Any CPU
		{DE31EFB7-D127-47C0-A789-BA239E4E3BD5}.Release|x64.ActiveCfg = Release|Any CPU
		{DE31EFB7-D127-47C0-A789-BA239E4E3BD5}.Release|x64.Build.0 = Release|Any CPU
		{DE31EFB7-D127-47C0-A789-BA239E4E3BD5}.Release|x86.ActiveCfg = Release|Any CPU
		{DE31EFB7-D127-47C0-A789-BA239E4E3BD5}.Release|x86.Build.0 = Release|Any CPU
		{7F3F5D97-C50A-4400-8613-959642D975D0}.Debug|Any CPU.ActiveCfg = Debug|Any CPU
		{7F3F5D97-C50A-4400-8613-959642D975D0}.Debug|Any CPU.Build.0 = Debug|Any CPU
		{7F3F5D97-C50A-4400-8613-959642D975D0}.Debug|x64.ActiveCfg = Debug|Any CPU
		{7F3F5D97-C50A-4400-8613-959642D975D0}.Debug|x64.Build.0 = Debug|Any CPU
		{7F3F5D97-C50A-4400-8613-959642D975D0}.Debug|x86.ActiveCfg = Debug|Any CPU
		{7F3F5D97-C50A-4400-8613-959642D975D0}.Debug|x86.Build.0 = Debug|Any CPU
		{7F3F5D97-C50A-4400-8613-959642D975D0}.Release|Any CPU.ActiveCfg = Release|Any CPU
		{7F3F5D97-C50A-4400-8613-959642D975D0}.Release|Any CPU.Build.0 = Release|Any CPU
		{7F3F5D97-C50A-4400-8613-959642D975D0}.Release|x64.ActiveCfg = Release|Any CPU
		{7F3F5D97-C50A-4400-8613-959642D975D0}.Release|x64.Build.0 = Release|Any CPU
		{7F3F5D97-C50A-4400-8613-959642D975D0}.Release|x86.ActiveCfg = Release|Any CPU
		{7F3F5D97-C50A-4400-8613-959642D975D0}.Release|x86.Build.0 = Release|Any CPU
		{C185D0F8-5981-41DF-8C5C-A65FA7209E84}.Debug|Any CPU.ActiveCfg = Debug|Any CPU
		{C185D0F8-5981-41DF-8C5C-A65FA7209E84}.Debug|Any CPU.Build.0 = Debug|Any CPU
		{C185D0F8-5981-41DF-8C5C-A65FA7209E84}.Debug|x64.ActiveCfg = Debug|Any CPU
		{C185D0F8-5981-41DF-8C5C-A65FA7209E84}.Debug|x64.Build.0 = Debug|Any CPU
		{C185D0F8-5981-41DF-8C5C-A65FA7209E84}.Debug|x86.ActiveCfg = Debug|Any CPU
		{C185D0F8-5981-41DF-8C5C-A65FA7209E84}.Debug|x86.Build.0 = Debug|Any CPU
		{C185D0F8-5981-41DF-8C5C-A65FA7209E84}.Release|Any CPU.ActiveCfg = Release|Any CPU
		{C185D0F8-5981-41DF-8C5C-A65FA7209E84}.Release|Any CPU.Build.0 = Release|Any CPU
		{C185D0F8-5981-41DF-8C5C-A65FA7209E84}.Release|x64.ActiveCfg = Release|Any CPU
		{C185D0F8-5981-41DF-8C5C-A65FA7209E84}.Release|x64.Build.0 = Release|Any CPU
		{C185D0F8-5981-41DF-8C5C-A65FA7209E84}.Release|x86.ActiveCfg = Release|Any CPU
		{C185D0F8-5981-41DF-8C5C-A65FA7209E84}.Release|x86.Build.0 = Release|Any CPU
		{CF273833-F4EC-4FF3-BDFC-4B08EDC16EE5}.Debug|Any CPU.ActiveCfg = Debug|Any CPU
		{CF273833-F4EC-4FF3-BDFC-4B08EDC16EE5}.Debug|Any CPU.Build.0 = Debug|Any CPU
		{CF273833-F4EC-4FF3-BDFC-4B08EDC16EE5}.Debug|x64.ActiveCfg = Debug|Any CPU
		{CF273833-F4EC-4FF3-BDFC-4B08EDC16EE5}.Debug|x64.Build.0 = Debug|Any CPU
		{CF273833-F4EC-4FF3-BDFC-4B08EDC16EE5}.Debug|x86.ActiveCfg = Debug|Any CPU
		{CF273833-F4EC-4FF3-BDFC-4B08EDC16EE5}.Debug|x86.Build.0 = Debug|Any CPU
		{CF273833-F4EC-4FF3-BDFC-4B08EDC16EE5}.Release|Any CPU.ActiveCfg = Release|Any CPU
		{CF273833-F4EC-4FF3-BDFC-4B08EDC16EE5}.Release|Any CPU.Build.0 = Release|Any CPU
		{CF273833-F4EC-4FF3-BDFC-4B08EDC16EE5}.Release|x64.ActiveCfg = Release|Any CPU
		{CF273833-F4EC-4FF3-BDFC-4B08EDC16EE5}.Release|x64.Build.0 = Release|Any CPU
		{CF273833-F4EC-4FF3-BDFC-4B08EDC16EE5}.Release|x86.ActiveCfg = Release|Any CPU
		{CF273833-F4EC-4FF3-BDFC-4B08EDC16EE5}.Release|x86.Build.0 = Release|Any CPU
		{7603EF56-DECE-46E9-9AB3-6E2ADC6BEE39}.Debug|Any CPU.ActiveCfg = Debug|Any CPU
		{7603EF56-DECE-46E9-9AB3-6E2ADC6BEE39}.Debug|Any CPU.Build.0 = Debug|Any CPU
		{7603EF56-DECE-46E9-9AB3-6E2ADC6BEE39}.Debug|x64.ActiveCfg = Debug|Any CPU
		{7603EF56-DECE-46E9-9AB3-6E2ADC6BEE39}.Debug|x64.Build.0 = Debug|Any CPU
		{7603EF56-DECE-46E9-9AB3-6E2ADC6BEE39}.Debug|x86.ActiveCfg = Debug|Any CPU
		{7603EF56-DECE-46E9-9AB3-6E2ADC6BEE39}.Debug|x86.Build.0 = Debug|Any CPU
		{7603EF56-DECE-46E9-9AB3-6E2ADC6BEE39}.Release|Any CPU.ActiveCfg = Release|Any CPU
		{7603EF56-DECE-46E9-9AB3-6E2ADC6BEE39}.Release|Any CPU.Build.0 = Release|Any CPU
		{7603EF56-DECE-46E9-9AB3-6E2ADC6BEE39}.Release|x64.ActiveCfg = Release|Any CPU
		{7603EF56-DECE-46E9-9AB3-6E2ADC6BEE39}.Release|x64.Build.0 = Release|Any CPU
		{7603EF56-DECE-46E9-9AB3-6E2ADC6BEE39}.Release|x86.ActiveCfg = Release|Any CPU
		{7603EF56-DECE-46E9-9AB3-6E2ADC6BEE39}.Release|x86.Build.0 = Release|Any CPU
		{3A137772-8492-487A-9069-CE03F7FD7D98}.Debug|Any CPU.ActiveCfg = Debug|Any CPU
		{3A137772-8492-487A-9069-CE03F7FD7D98}.Debug|Any CPU.Build.0 = Debug|Any CPU
		{3A137772-8492-487A-9069-CE03F7FD7D98}.Debug|x64.ActiveCfg = Debug|Any CPU
		{3A137772-8492-487A-9069-CE03F7FD7D98}.Debug|x64.Build.0 = Debug|Any CPU
		{3A137772-8492-487A-9069-CE03F7FD7D98}.Debug|x86.ActiveCfg = Debug|Any CPU
		{3A137772-8492-487A-9069-CE03F7FD7D98}.Debug|x86.Build.0 = Debug|Any CPU
		{3A137772-8492-487A-9069-CE03F7FD7D98}.Release|Any CPU.ActiveCfg = Release|Any CPU
		{3A137772-8492-487A-9069-CE03F7FD7D98}.Release|Any CPU.Build.0 = Release|Any CPU
		{3A137772-8492-487A-9069-CE03F7FD7D98}.Release|x64.ActiveCfg = Release|Any CPU
		{3A137772-8492-487A-9069-CE03F7FD7D98}.Release|x64.Build.0 = Release|Any CPU
		{3A137772-8492-487A-9069-CE03F7FD7D98}.Release|x86.ActiveCfg = Release|Any CPU
		{3A137772-8492-487A-9069-CE03F7FD7D98}.Release|x86.Build.0 = Release|Any CPU
		{E43F39EB-BE9D-4E8B-9D8C-4DAD7DCA7D93}.Debug|Any CPU.ActiveCfg = Debug|Any CPU
		{E43F39EB-BE9D-4E8B-9D8C-4DAD7DCA7D93}.Debug|Any CPU.Build.0 = Debug|Any CPU
		{E43F39EB-BE9D-4E8B-9D8C-4DAD7DCA7D93}.Debug|x64.ActiveCfg = Debug|Any CPU
		{E43F39EB-BE9D-4E8B-9D8C-4DAD7DCA7D93}.Debug|x64.Build.0 = Debug|Any CPU
		{E43F39EB-BE9D-4E8B-9D8C-4DAD7DCA7D93}.Debug|x86.ActiveCfg = Debug|Any CPU
		{E43F39EB-BE9D-4E8B-9D8C-4DAD7DCA7D93}.Debug|x86.Build.0 = Debug|Any CPU
		{E43F39EB-BE9D-4E8B-9D8C-4DAD7DCA7D93}.Release|Any CPU.ActiveCfg = Release|Any CPU
		{E43F39EB-BE9D-4E8B-9D8C-4DAD7DCA7D93}.Release|Any CPU.Build.0 = Release|Any CPU
		{E43F39EB-BE9D-4E8B-9D8C-4DAD7DCA7D93}.Release|x64.ActiveCfg = Release|Any CPU
		{E43F39EB-BE9D-4E8B-9D8C-4DAD7DCA7D93}.Release|x64.Build.0 = Release|Any CPU
		{E43F39EB-BE9D-4E8B-9D8C-4DAD7DCA7D93}.Release|x86.ActiveCfg = Release|Any CPU
		{E43F39EB-BE9D-4E8B-9D8C-4DAD7DCA7D93}.Release|x86.Build.0 = Release|Any CPU
		{39FE1211-865F-49DF-8954-352DEFAC79B1}.Debug|Any CPU.ActiveCfg = Debug|Any CPU
		{39FE1211-865F-49DF-8954-352DEFAC79B1}.Debug|Any CPU.Build.0 = Debug|Any CPU
		{39FE1211-865F-49DF-8954-352DEFAC79B1}.Debug|x64.ActiveCfg = Debug|Any CPU
		{39FE1211-865F-49DF-8954-352DEFAC79B1}.Debug|x64.Build.0 = Debug|Any CPU
		{39FE1211-865F-49DF-8954-352DEFAC79B1}.Debug|x86.ActiveCfg = Debug|Any CPU
		{39FE1211-865F-49DF-8954-352DEFAC79B1}.Debug|x86.Build.0 = Debug|Any CPU
		{39FE1211-865F-49DF-8954-352DEFAC79B1}.Release|Any CPU.ActiveCfg = Release|Any CPU
		{39FE1211-865F-49DF-8954-352DEFAC79B1}.Release|Any CPU.Build.0 = Release|Any CPU
		{39FE1211-865F-49DF-8954-352DEFAC79B1}.Release|x64.ActiveCfg = Release|Any CPU
		{39FE1211-865F-49DF-8954-352DEFAC79B1}.Release|x64.Build.0 = Release|Any CPU
		{39FE1211-865F-49DF-8954-352DEFAC79B1}.Release|x86.ActiveCfg = Release|Any CPU
		{39FE1211-865F-49DF-8954-352DEFAC79B1}.Release|x86.Build.0 = Release|Any CPU
		{EC167E72-5BE2-43F9-9CF5-268EA75F0249}.Debug|Any CPU.ActiveCfg = Debug|Any CPU
		{EC167E72-5BE2-43F9-9CF5-268EA75F0249}.Debug|Any CPU.Build.0 = Debug|Any CPU
		{EC167E72-5BE2-43F9-9CF5-268EA75F0249}.Debug|x64.ActiveCfg = Debug|Any CPU
		{EC167E72-5BE2-43F9-9CF5-268EA75F0249}.Debug|x64.Build.0 = Debug|Any CPU
		{EC167E72-5BE2-43F9-9CF5-268EA75F0249}.Debug|x86.ActiveCfg = Debug|Any CPU
		{EC167E72-5BE2-43F9-9CF5-268EA75F0249}.Debug|x86.Build.0 = Debug|Any CPU
		{EC167E72-5BE2-43F9-9CF5-268EA75F0249}.Release|Any CPU.ActiveCfg = Release|Any CPU
		{EC167E72-5BE2-43F9-9CF5-268EA75F0249}.Release|Any CPU.Build.0 = Release|Any CPU
		{EC167E72-5BE2-43F9-9CF5-268EA75F0249}.Release|x64.ActiveCfg = Release|Any CPU
		{EC167E72-5BE2-43F9-9CF5-268EA75F0249}.Release|x64.Build.0 = Release|Any CPU
		{EC167E72-5BE2-43F9-9CF5-268EA75F0249}.Release|x86.ActiveCfg = Release|Any CPU
		{EC167E72-5BE2-43F9-9CF5-268EA75F0249}.Release|x86.Build.0 = Release|Any CPU
		{C6EC91DB-91E5-4B93-BC28-7145B5A3FADE}.Debug|Any CPU.ActiveCfg = Debug|Any CPU
		{C6EC91DB-91E5-4B93-BC28-7145B5A3FADE}.Debug|Any CPU.Build.0 = Debug|Any CPU
		{C6EC91DB-91E5-4B93-BC28-7145B5A3FADE}.Debug|x64.ActiveCfg = Debug|Any CPU
		{C6EC91DB-91E5-4B93-BC28-7145B5A3FADE}.Debug|x64.Build.0 = Debug|Any CPU
		{C6EC91DB-91E5-4B93-BC28-7145B5A3FADE}.Debug|x86.ActiveCfg = Debug|Any CPU
		{C6EC91DB-91E5-4B93-BC28-7145B5A3FADE}.Debug|x86.Build.0 = Debug|Any CPU
		{C6EC91DB-91E5-4B93-BC28-7145B5A3FADE}.Release|Any CPU.ActiveCfg = Release|Any CPU
		{C6EC91DB-91E5-4B93-BC28-7145B5A3FADE}.Release|Any CPU.Build.0 = Release|Any CPU
		{C6EC91DB-91E5-4B93-BC28-7145B5A3FADE}.Release|x64.ActiveCfg = Release|Any CPU
		{C6EC91DB-91E5-4B93-BC28-7145B5A3FADE}.Release|x64.Build.0 = Release|Any CPU
		{C6EC91DB-91E5-4B93-BC28-7145B5A3FADE}.Release|x86.ActiveCfg = Release|Any CPU
		{C6EC91DB-91E5-4B93-BC28-7145B5A3FADE}.Release|x86.Build.0 = Release|Any CPU
		{72C35D91-4AE8-4A06-8FAF-F621A943D4FA}.Debug|Any CPU.ActiveCfg = Debug|Any CPU
		{72C35D91-4AE8-4A06-8FAF-F621A943D4FA}.Debug|Any CPU.Build.0 = Debug|Any CPU
		{72C35D91-4AE8-4A06-8FAF-F621A943D4FA}.Debug|x64.ActiveCfg = Debug|Any CPU
		{72C35D91-4AE8-4A06-8FAF-F621A943D4FA}.Debug|x64.Build.0 = Debug|Any CPU
		{72C35D91-4AE8-4A06-8FAF-F621A943D4FA}.Debug|x86.ActiveCfg = Debug|Any CPU
		{72C35D91-4AE8-4A06-8FAF-F621A943D4FA}.Debug|x86.Build.0 = Debug|Any CPU
		{72C35D91-4AE8-4A06-8FAF-F621A943D4FA}.Release|Any CPU.ActiveCfg = Release|Any CPU
		{72C35D91-4AE8-4A06-8FAF-F621A943D4FA}.Release|Any CPU.Build.0 = Release|Any CPU
		{72C35D91-4AE8-4A06-8FAF-F621A943D4FA}.Release|x64.ActiveCfg = Release|Any CPU
		{72C35D91-4AE8-4A06-8FAF-F621A943D4FA}.Release|x64.Build.0 = Release|Any CPU
		{72C35D91-4AE8-4A06-8FAF-F621A943D4FA}.Release|x86.ActiveCfg = Release|Any CPU
		{72C35D91-4AE8-4A06-8FAF-F621A943D4FA}.Release|x86.Build.0 = Release|Any CPU
		{9E52A453-0F4C-4D2E-9CE9-73661F97DEFE}.Debug|Any CPU.ActiveCfg = Debug|Any CPU
		{9E52A453-0F4C-4D2E-9CE9-73661F97DEFE}.Debug|Any CPU.Build.0 = Debug|Any CPU
		{9E52A453-0F4C-4D2E-9CE9-73661F97DEFE}.Debug|x64.ActiveCfg = Debug|Any CPU
		{9E52A453-0F4C-4D2E-9CE9-73661F97DEFE}.Debug|x64.Build.0 = Debug|Any CPU
		{9E52A453-0F4C-4D2E-9CE9-73661F97DEFE}.Debug|x86.ActiveCfg = Debug|Any CPU
		{9E52A453-0F4C-4D2E-9CE9-73661F97DEFE}.Debug|x86.Build.0 = Debug|Any CPU
		{9E52A453-0F4C-4D2E-9CE9-73661F97DEFE}.Release|Any CPU.ActiveCfg = Release|Any CPU
		{9E52A453-0F4C-4D2E-9CE9-73661F97DEFE}.Release|Any CPU.Build.0 = Release|Any CPU
		{9E52A453-0F4C-4D2E-9CE9-73661F97DEFE}.Release|x64.ActiveCfg = Release|Any CPU
		{9E52A453-0F4C-4D2E-9CE9-73661F97DEFE}.Release|x64.Build.0 = Release|Any CPU
		{9E52A453-0F4C-4D2E-9CE9-73661F97DEFE}.Release|x86.ActiveCfg = Release|Any CPU
		{9E52A453-0F4C-4D2E-9CE9-73661F97DEFE}.Release|x86.Build.0 = Release|Any CPU
		{EB2866CE-A6C9-4654-9D92-292CE913A2CA}.Debug|Any CPU.ActiveCfg = Debug|Any CPU
		{EB2866CE-A6C9-4654-9D92-292CE913A2CA}.Debug|Any CPU.Build.0 = Debug|Any CPU
		{EB2866CE-A6C9-4654-9D92-292CE913A2CA}.Debug|x64.ActiveCfg = Debug|Any CPU
		{EB2866CE-A6C9-4654-9D92-292CE913A2CA}.Debug|x64.Build.0 = Debug|Any CPU
		{EB2866CE-A6C9-4654-9D92-292CE913A2CA}.Debug|x86.ActiveCfg = Debug|Any CPU
		{EB2866CE-A6C9-4654-9D92-292CE913A2CA}.Debug|x86.Build.0 = Debug|Any CPU
		{EB2866CE-A6C9-4654-9D92-292CE913A2CA}.Release|Any CPU.ActiveCfg = Release|Any CPU
		{EB2866CE-A6C9-4654-9D92-292CE913A2CA}.Release|Any CPU.Build.0 = Release|Any CPU
		{EB2866CE-A6C9-4654-9D92-292CE913A2CA}.Release|x64.ActiveCfg = Release|Any CPU
		{EB2866CE-A6C9-4654-9D92-292CE913A2CA}.Release|x64.Build.0 = Release|Any CPU
		{EB2866CE-A6C9-4654-9D92-292CE913A2CA}.Release|x86.ActiveCfg = Release|Any CPU
		{EB2866CE-A6C9-4654-9D92-292CE913A2CA}.Release|x86.Build.0 = Release|Any CPU
		{F2E84DA2-EDC9-4DF7-97C2-8095199961A6}.Debug|Any CPU.ActiveCfg = Debug|Any CPU
		{F2E84DA2-EDC9-4DF7-97C2-8095199961A6}.Debug|Any CPU.Build.0 = Debug|Any CPU
		{F2E84DA2-EDC9-4DF7-97C2-8095199961A6}.Debug|x64.ActiveCfg = Debug|Any CPU
		{F2E84DA2-EDC9-4DF7-97C2-8095199961A6}.Debug|x64.Build.0 = Debug|Any CPU
		{F2E84DA2-EDC9-4DF7-97C2-8095199961A6}.Debug|x86.ActiveCfg = Debug|Any CPU
		{F2E84DA2-EDC9-4DF7-97C2-8095199961A6}.Debug|x86.Build.0 = Debug|Any CPU
		{F2E84DA2-EDC9-4DF7-97C2-8095199961A6}.Release|Any CPU.ActiveCfg = Release|Any CPU
		{F2E84DA2-EDC9-4DF7-97C2-8095199961A6}.Release|Any CPU.Build.0 = Release|Any CPU
		{F2E84DA2-EDC9-4DF7-97C2-8095199961A6}.Release|x64.ActiveCfg = Release|Any CPU
		{F2E84DA2-EDC9-4DF7-97C2-8095199961A6}.Release|x64.Build.0 = Release|Any CPU
		{F2E84DA2-EDC9-4DF7-97C2-8095199961A6}.Release|x86.ActiveCfg = Release|Any CPU
		{F2E84DA2-EDC9-4DF7-97C2-8095199961A6}.Release|x86.Build.0 = Release|Any CPU
	EndGlobalSection
	GlobalSection(NestedProjects) = preSolution
		{7D9BBDAA-9C15-43A3-BC29-398C5FAB527B} = {CC75D772-3E67-4095-9351-DCD6EEF144AD}
		{5B2388CD-B0AA-45FF-BDD9-0CA27F434849} = {CC75D772-3E67-4095-9351-DCD6EEF144AD}
		{8AB4D136-AF5D-4ADB-B84F-9080110DFB77} = {3915209A-D60D-48CA-BEBF-AF19F3F594ED}
		{DE31EFB7-D127-47C0-A789-BA239E4E3BD5} = {3915209A-D60D-48CA-BEBF-AF19F3F594ED}
		{7F3F5D97-C50A-4400-8613-959642D975D0} = {CC75D772-3E67-4095-9351-DCD6EEF144AD}
		{C185D0F8-5981-41DF-8C5C-A65FA7209E84} = {CC75D772-3E67-4095-9351-DCD6EEF144AD}
		{CF273833-F4EC-4FF3-BDFC-4B08EDC16EE5} = {CC75D772-3E67-4095-9351-DCD6EEF144AD}
		{7603EF56-DECE-46E9-9AB3-6E2ADC6BEE39} = {CC75D772-3E67-4095-9351-DCD6EEF144AD}
		{3A137772-8492-487A-9069-CE03F7FD7D98} = {CC75D772-3E67-4095-9351-DCD6EEF144AD}
		{E43F39EB-BE9D-4E8B-9D8C-4DAD7DCA7D93} = {3915209A-D60D-48CA-BEBF-AF19F3F594ED}
		{39FE1211-865F-49DF-8954-352DEFAC79B1} = {CC75D772-3E67-4095-9351-DCD6EEF144AD}
		{EC167E72-5BE2-43F9-9CF5-268EA75F0249} = {CC75D772-3E67-4095-9351-DCD6EEF144AD}
		{C6EC91DB-91E5-4B93-BC28-7145B5A3FADE} = {CC75D772-3E67-4095-9351-DCD6EEF144AD}
		{72C35D91-4AE8-4A06-8FAF-F621A943D4FA} = {3915209A-D60D-48CA-BEBF-AF19F3F594ED}
		{9E52A453-0F4C-4D2E-9CE9-73661F97DEFE} = {3915209A-D60D-48CA-BEBF-AF19F3F594ED}
		{EB2866CE-A6C9-4654-9D92-292CE913A2CA} = {CC75D772-3E67-4095-9351-DCD6EEF144AD}
		{F2E84DA2-EDC9-4DF7-97C2-8095199961A6} = {CC75D772-3E67-4095-9351-DCD6EEF144AD}
	EndGlobalSection
EndGlobal
