
Microsoft Visual Studio Solution File, Format Version 12.00
# Visual Studio 15
VisualStudioVersion = 15.0.26124.0
MinimumVisualStudioVersion = 15.0.26124.0
Project("{2150E333-8FDC-42A3-9474-1A3956D46DE8}") = "src", "src", "{F3D77520-318F-4C1F-BC4A-218FD0852643}"
	ProjectSection(SolutionItems) = preProject
		Dockerfile = Dockerfile
	EndProjectSection
EndProject
Project("{2150E333-8FDC-42A3-9474-1A3956D46DE8}") = "test", "test", "{91043FE3-E8DA-4CA9-BB9D-728DA423E3BE}"
	ProjectSection(SolutionItems) = preProject
		xunit.runner.json = xunit.runner.json
	EndProjectSection
EndProject
Project("{2150E333-8FDC-42A3-9474-1A3956D46DE8}") = "build", "build", "{73C535AE-FE5B-407A-9D94-7F57FB818109}"
ProjectSection(SolutionItems) = preProject
	Directory.Build.props = Directory.Build.props
EndProjectSection
EndProject
Project("{FAE04EC0-301F-11D3-BF4B-00C04F79EFBC}") = "Safir.Cli", "src\Safir.Cli\Safir.Cli.csproj", "{DE9E511D-F26F-4EE4-9D80-F815F5B34F1F}"
EndProject
Project("{FAE04EC0-301F-11D3-BF4B-00C04F79EFBC}") = "Safir.Cli.Tests", "test\Safir.Cli.Tests\Safir.Cli.Tests.csproj", "{CABBC994-2872-4D07-937F-D04A95F1D963}"
EndProject
Project("{FAE04EC0-301F-11D3-BF4B-00C04F79EFBC}") = "Safir.CommandLine", "src\Safir.CommandLine\Safir.CommandLine.csproj", "{FF06F748-B5D6-4C6E-A511-BEE3F6AFFACF}"
EndProject
Project("{FAE04EC0-301F-11D3-BF4B-00C04F79EFBC}") = "Safir.CommandLine.Generator", "src\Safir.CommandLine.Generator\Safir.CommandLine.Generator.csproj", "{F6F829FA-D14C-4F6F-89C7-398AA646DA95}"
EndProject
Project("{FAE04EC0-301F-11D3-BF4B-00C04F79EFBC}") = "Safir.CommandLine.Tests", "test\Safir.CommandLine.Tests\Safir.CommandLine.Tests.csproj", "{632EB2E0-3A1A-4C55-A0A7-89B6CB633AAB}"
EndProject
Global
	GlobalSection(SolutionConfigurationPlatforms) = preSolution
		Debug|Any CPU = Debug|Any CPU
		Debug|x64 = Debug|x64
		Debug|x86 = Debug|x86
		Release|Any CPU = Release|Any CPU
		Release|x64 = Release|x64
		Release|x86 = Release|x86
	EndGlobalSection
	GlobalSection(SolutionProperties) = preSolution
		HideSolutionNode = FALSE
	EndGlobalSection
	GlobalSection(ProjectConfigurationPlatforms) = postSolution
		{DE9E511D-F26F-4EE4-9D80-F815F5B34F1F}.Debug|Any CPU.ActiveCfg = Debug|Any CPU
		{DE9E511D-F26F-4EE4-9D80-F815F5B34F1F}.Debug|Any CPU.Build.0 = Debug|Any CPU
		{DE9E511D-F26F-4EE4-9D80-F815F5B34F1F}.Debug|x64.ActiveCfg = Debug|Any CPU
		{DE9E511D-F26F-4EE4-9D80-F815F5B34F1F}.Debug|x64.Build.0 = Debug|Any CPU
		{DE9E511D-F26F-4EE4-9D80-F815F5B34F1F}.Debug|x86.ActiveCfg = Debug|Any CPU
		{DE9E511D-F26F-4EE4-9D80-F815F5B34F1F}.Debug|x86.Build.0 = Debug|Any CPU
		{DE9E511D-F26F-4EE4-9D80-F815F5B34F1F}.Release|Any CPU.ActiveCfg = Release|Any CPU
		{DE9E511D-F26F-4EE4-9D80-F815F5B34F1F}.Release|Any CPU.Build.0 = Release|Any CPU
		{DE9E511D-F26F-4EE4-9D80-F815F5B34F1F}.Release|x64.ActiveCfg = Release|Any CPU
		{DE9E511D-F26F-4EE4-9D80-F815F5B34F1F}.Release|x64.Build.0 = Release|Any CPU
		{DE9E511D-F26F-4EE4-9D80-F815F5B34F1F}.Release|x86.ActiveCfg = Release|Any CPU
		{DE9E511D-F26F-4EE4-9D80-F815F5B34F1F}.Release|x86.Build.0 = Release|Any CPU
		{CABBC994-2872-4D07-937F-D04A95F1D963}.Debug|Any CPU.ActiveCfg = Debug|Any CPU
		{CABBC994-2872-4D07-937F-D04A95F1D963}.Debug|Any CPU.Build.0 = Debug|Any CPU
		{CABBC994-2872-4D07-937F-D04A95F1D963}.Debug|x64.ActiveCfg = Debug|Any CPU
		{CABBC994-2872-4D07-937F-D04A95F1D963}.Debug|x64.Build.0 = Debug|Any CPU
		{CABBC994-2872-4D07-937F-D04A95F1D963}.Debug|x86.ActiveCfg = Debug|Any CPU
		{CABBC994-2872-4D07-937F-D04A95F1D963}.Debug|x86.Build.0 = Debug|Any CPU
		{CABBC994-2872-4D07-937F-D04A95F1D963}.Release|Any CPU.ActiveCfg = Release|Any CPU
		{CABBC994-2872-4D07-937F-D04A95F1D963}.Release|Any CPU.Build.0 = Release|Any CPU
		{CABBC994-2872-4D07-937F-D04A95F1D963}.Release|x64.ActiveCfg = Release|Any CPU
		{CABBC994-2872-4D07-937F-D04A95F1D963}.Release|x64.Build.0 = Release|Any CPU
		{CABBC994-2872-4D07-937F-D04A95F1D963}.Release|x86.ActiveCfg = Release|Any CPU
		{CABBC994-2872-4D07-937F-D04A95F1D963}.Release|x86.Build.0 = Release|Any CPU
		{FF06F748-B5D6-4C6E-A511-BEE3F6AFFACF}.Debug|Any CPU.ActiveCfg = Debug|Any CPU
		{FF06F748-B5D6-4C6E-A511-BEE3F6AFFACF}.Debug|Any CPU.Build.0 = Debug|Any CPU
		{FF06F748-B5D6-4C6E-A511-BEE3F6AFFACF}.Debug|x64.ActiveCfg = Debug|Any CPU
		{FF06F748-B5D6-4C6E-A511-BEE3F6AFFACF}.Debug|x64.Build.0 = Debug|Any CPU
		{FF06F748-B5D6-4C6E-A511-BEE3F6AFFACF}.Debug|x86.ActiveCfg = Debug|Any CPU
		{FF06F748-B5D6-4C6E-A511-BEE3F6AFFACF}.Debug|x86.Build.0 = Debug|Any CPU
		{FF06F748-B5D6-4C6E-A511-BEE3F6AFFACF}.Release|Any CPU.ActiveCfg = Release|Any CPU
		{FF06F748-B5D6-4C6E-A511-BEE3F6AFFACF}.Release|Any CPU.Build.0 = Release|Any CPU
		{FF06F748-B5D6-4C6E-A511-BEE3F6AFFACF}.Release|x64.ActiveCfg = Release|Any CPU
		{FF06F748-B5D6-4C6E-A511-BEE3F6AFFACF}.Release|x64.Build.0 = Release|Any CPU
		{FF06F748-B5D6-4C6E-A511-BEE3F6AFFACF}.Release|x86.ActiveCfg = Release|Any CPU
		{FF06F748-B5D6-4C6E-A511-BEE3F6AFFACF}.Release|x86.Build.0 = Release|Any CPU
		{F6F829FA-D14C-4F6F-89C7-398AA646DA95}.Debug|Any CPU.ActiveCfg = Debug|Any CPU
		{F6F829FA-D14C-4F6F-89C7-398AA646DA95}.Debug|Any CPU.Build.0 = Debug|Any CPU
		{F6F829FA-D14C-4F6F-89C7-398AA646DA95}.Debug|x64.ActiveCfg = Debug|Any CPU
		{F6F829FA-D14C-4F6F-89C7-398AA646DA95}.Debug|x64.Build.0 = Debug|Any CPU
		{F6F829FA-D14C-4F6F-89C7-398AA646DA95}.Debug|x86.ActiveCfg = Debug|Any CPU
		{F6F829FA-D14C-4F6F-89C7-398AA646DA95}.Debug|x86.Build.0 = Debug|Any CPU
		{F6F829FA-D14C-4F6F-89C7-398AA646DA95}.Release|Any CPU.ActiveCfg = Release|Any CPU
		{F6F829FA-D14C-4F6F-89C7-398AA646DA95}.Release|Any CPU.Build.0 = Release|Any CPU
		{F6F829FA-D14C-4F6F-89C7-398AA646DA95}.Release|x64.ActiveCfg = Release|Any CPU
		{F6F829FA-D14C-4F6F-89C7-398AA646DA95}.Release|x64.Build.0 = Release|Any CPU
		{F6F829FA-D14C-4F6F-89C7-398AA646DA95}.Release|x86.ActiveCfg = Release|Any CPU
		{F6F829FA-D14C-4F6F-89C7-398AA646DA95}.Release|x86.Build.0 = Release|Any CPU
		{632EB2E0-3A1A-4C55-A0A7-89B6CB633AAB}.Debug|Any CPU.ActiveCfg = Debug|Any CPU
		{632EB2E0-3A1A-4C55-A0A7-89B6CB633AAB}.Debug|Any CPU.Build.0 = Debug|Any CPU
		{632EB2E0-3A1A-4C55-A0A7-89B6CB633AAB}.Debug|x64.ActiveCfg = Debug|Any CPU
		{632EB2E0-3A1A-4C55-A0A7-89B6CB633AAB}.Debug|x64.Build.0 = Debug|Any CPU
		{632EB2E0-3A1A-4C55-A0A7-89B6CB633AAB}.Debug|x86.ActiveCfg = Debug|Any CPU
		{632EB2E0-3A1A-4C55-A0A7-89B6CB633AAB}.Debug|x86.Build.0 = Debug|Any CPU
		{632EB2E0-3A1A-4C55-A0A7-89B6CB633AAB}.Release|Any CPU.ActiveCfg = Release|Any CPU
		{632EB2E0-3A1A-4C55-A0A7-89B6CB633AAB}.Release|Any CPU.Build.0 = Release|Any CPU
		{632EB2E0-3A1A-4C55-A0A7-89B6CB633AAB}.Release|x64.ActiveCfg = Release|Any CPU
		{632EB2E0-3A1A-4C55-A0A7-89B6CB633AAB}.Release|x64.Build.0 = Release|Any CPU
		{632EB2E0-3A1A-4C55-A0A7-89B6CB633AAB}.Release|x86.ActiveCfg = Release|Any CPU
		{632EB2E0-3A1A-4C55-A0A7-89B6CB633AAB}.Release|x86.Build.0 = Release|Any CPU
	EndGlobalSection
	GlobalSection(NestedProjects) = preSolution
		{DE9E511D-F26F-4EE4-9D80-F815F5B34F1F} = {F3D77520-318F-4C1F-BC4A-218FD0852643}
		{CABBC994-2872-4D07-937F-D04A95F1D963} = {91043FE3-E8DA-4CA9-BB9D-728DA423E3BE}
		{FF06F748-B5D6-4C6E-A511-BEE3F6AFFACF} = {F3D77520-318F-4C1F-BC4A-218FD0852643}
		{F6F829FA-D14C-4F6F-89C7-398AA646DA95} = {F3D77520-318F-4C1F-BC4A-218FD0852643}
		{632EB2E0-3A1A-4C55-A0A7-89B6CB633AAB} = {91043FE3-E8DA-4CA9-BB9D-728DA423E3BE}
	EndGlobalSection
EndGlobal
