
Microsoft Visual Studio Solution File, Format Version 12.00
# Visual Studio Version 16
VisualStudioVersion = 16.0.29311.281
MinimumVisualStudioVersion = 10.0.40219.1
Project("{9A19103F-16F7-4668-BE54-9A1E7A4F7556}") = "Safir.FileManager.Domain", "Safir.FileManager.Domain\Safir.FileManager.Domain.csproj", "{C49D3DD6-BB08-4C32-87DC-344A4EC13596}"
EndProject
Project("{9A19103F-16F7-4668-BE54-9A1E7A4F7556}") = "Safir.FileManager.Infrastructure", "Safir.FileManager.Infrastructure\Safir.FileManager.Infrastructure.csproj", "{BCCB3814-E328-45F0-8472-9034D2F8CD4E}"
EndProject
Project("{9A19103F-16F7-4668-BE54-9A1E7A4F7556}") = "Safir.FileManager.Rest", "Safir.FileManager.Rest\Safir.FileManager.Rest.csproj", "{974A0611-A0E4-485C-8522-8505653D1E0F}"
EndProject
Project("{9A19103F-16F7-4668-BE54-9A1E7A4F7556}") = "Safir.FileManager.Service", "Safir.FileManager.Service\Safir.FileManager.Service.csproj", "{B86B6988-ECE5-4B55-BF74-BAFFE46CE9DE}"
EndProject
Project("{2150E333-8FDC-42A3-9474-1A3956D46DE8}") = "src", "src", "{02ED3B6E-103B-44D6-B9C3-653588746D25}"
EndProject
Project("{2150E333-8FDC-42A3-9474-1A3956D46DE8}") = "test", "test", "{5AC26672-65EE-4AA6-A6F4-5BDA0D627186}"
EndProject
Global
	GlobalSection(SolutionConfigurationPlatforms) = preSolution
		Debug|Any CPU = Debug|Any CPU
		Release|Any CPU = Release|Any CPU
	EndGlobalSection
	GlobalSection(ProjectConfigurationPlatforms) = postSolution
		{C49D3DD6-BB08-4C32-87DC-344A4EC13596}.Debug|Any CPU.ActiveCfg = Debug|Any CPU
		{C49D3DD6-BB08-4C32-87DC-344A4EC13596}.Debug|Any CPU.Build.0 = Debug|Any CPU
		{C49D3DD6-BB08-4C32-87DC-344A4EC13596}.Release|Any CPU.ActiveCfg = Release|Any CPU
		{C49D3DD6-BB08-4C32-87DC-344A4EC13596}.Release|Any CPU.Build.0 = Release|Any CPU
		{BCCB3814-E328-45F0-8472-9034D2F8CD4E}.Debug|Any CPU.ActiveCfg = Debug|Any CPU
		{BCCB3814-E328-45F0-8472-9034D2F8CD4E}.Debug|Any CPU.Build.0 = Debug|Any CPU
		{BCCB3814-E328-45F0-8472-9034D2F8CD4E}.Release|Any CPU.ActiveCfg = Release|Any CPU
		{BCCB3814-E328-45F0-8472-9034D2F8CD4E}.Release|Any CPU.Build.0 = Release|Any CPU
		{974A0611-A0E4-485C-8522-8505653D1E0F}.Debug|Any CPU.ActiveCfg = Debug|Any CPU
		{974A0611-A0E4-485C-8522-8505653D1E0F}.Debug|Any CPU.Build.0 = Debug|Any CPU
		{974A0611-A0E4-485C-8522-8505653D1E0F}.Release|Any CPU.ActiveCfg = Release|Any CPU
		{974A0611-A0E4-485C-8522-8505653D1E0F}.Release|Any CPU.Build.0 = Release|Any CPU
		{B86B6988-ECE5-4B55-BF74-BAFFE46CE9DE}.Debug|Any CPU.ActiveCfg = Debug|Any CPU
		{B86B6988-ECE5-4B55-BF74-BAFFE46CE9DE}.Debug|Any CPU.Build.0 = Debug|Any CPU
		{B86B6988-ECE5-4B55-BF74-BAFFE46CE9DE}.Release|Any CPU.ActiveCfg = Release|Any CPU
		{B86B6988-ECE5-4B55-BF74-BAFFE46CE9DE}.Release|Any CPU.Build.0 = Release|Any CPU
	EndGlobalSection
	GlobalSection(SolutionProperties) = preSolution
		HideSolutionNode = FALSE
	EndGlobalSection
	GlobalSection(NestedProjects) = preSolution
		{C49D3DD6-BB08-4C32-87DC-344A4EC13596} = {02ED3B6E-103B-44D6-B9C3-653588746D25}
		{BCCB3814-E328-45F0-8472-9034D2F8CD4E} = {02ED3B6E-103B-44D6-B9C3-653588746D25}
		{974A0611-A0E4-485C-8522-8505653D1E0F} = {02ED3B6E-103B-44D6-B9C3-653588746D25}
		{B86B6988-ECE5-4B55-BF74-BAFFE46CE9DE} = {02ED3B6E-103B-44D6-B9C3-653588746D25}
	EndGlobalSection
	GlobalSection(ExtensibilityGlobals) = postSolution
		SolutionGuid = {3D87E2ED-83B9-489E-9C95-50C3AB70CBDF}
	EndGlobalSection
EndGlobal
